// !$*UTF8*$!
{
	archiveVersion = 1;
	classes = {
	};
	objectVersion = 46;
	objects = {

/* Begin PBXBuildFile section */
		50A87D4F1E31F69E00ED35F4 /* main.m in Sources */ = {isa = PBXBuildFile; fileRef = 50A87D4E1E31F69E00ED35F4 /* main.m */; };
		50A87D571E31F6CB00ED35F4 /* Person.m in Sources */ = {isa = PBXBuildFile; fileRef = 50A87D561E31F6CB00ED35F4 /* Person.m */; };
		50A87D5A1E31F6FA00ED35F4 /* Bank.m in Sources */ = {isa = PBXBuildFile; fileRef = 50A87D591E31F6FA00ED35F4 /* Bank.m */; };
		50A87D5D1E31F70F00ED35F4 /* Man.m in Sources */ = {isa = PBXBuildFile; fileRef = 50A87D5C1E31F70F00ED35F4 /* Man.m */; };
		50A87D601E31F71C00ED35F4 /* Woman.m in Sources */ = {isa = PBXBuildFile; fileRef = 50A87D5F1E31F71C00ED35F4 /* Woman.m */; };
/* End PBXBuildFile section */

/* Begin PBXCopyFilesBuildPhase section */
		50A87D491E31F69E00ED35F4 /* CopyFiles */ = {
			isa = PBXCopyFilesBuildPhase;
			buildActionMask = 2147483647;
			dstPath = /usr/share/man/man1/;
			dstSubfolderSpec = 0;
			files = (
			);
			runOnlyForDeploymentPostprocessing = 1;
		};
/* End PBXCopyFilesBuildPhase section */

/* Begin PBXFileReference section */
		50A87D4B1E31F69E00ED35F4 /* Exam0120 */ = {isa = PBXFileReference; explicitFileType = "compiled.mach-o.executable"; includeInIndex = 0; path = Exam0120; sourceTree = BUILT_PRODUCTS_DIR; };
		50A87D4E1E31F69E00ED35F4 /* main.m */ = {isa = PBXFileReference; lastKnownFileType = sourcecode.c.objc; path = main.m; sourceTree = "<group>"; };
		50A87D551E31F6CB00ED35F4 /* Person.h */ = {isa = PBXFileReference; fileEncoding = 4; lastKnownFileType = sourcecode.c.h; path = Person.h; sourceTree = "<group>"; };
		50A87D561E31F6CB00ED35F4 /* Person.m */ = {isa = PBXFileReference; fileEncoding = 4; lastKnownFileType = sourcecode.c.objc; path = Person.m; sourceTree = "<group>"; };
		50A87D581E31F6FA00ED35F4 /* Bank.h */ = {isa = PBXFileReference; fileEncoding = 4; lastKnownFileType = sourcecode.c.h; path = Bank.h; sourceTree = "<group>"; };
		50A87D591E31F6FA00ED35F4 /* Bank.m */ = {isa = PBXFileReference; fileEncoding = 4; lastKnownFileType = sourcecode.c.objc; path = Bank.m; sourceTree = "<group>"; };
		50A87D5B1E31F70F00ED35F4 /* Man.h */ = {isa = PBXFileReference; fileEncoding = 4; lastKnownFileType = sourcecode.c.h; path = Man.h; sourceTree = "<group>"; };
		50A87D5C1E31F70F00ED35F4 /* Man.m */ = {isa = PBXFileReference; fileEncoding = 4; lastKnownFileType = sourcecode.c.objc; path = Man.m; sourceTree = "<group>"; };
		50A87D5E1E31F71C00ED35F4 /* Woman.h */ = {isa = PBXFileReference; fileEncoding = 4; lastKnownFileType = sourcecode.c.h; path = Woman.h; sourceTree = "<group>"; };
		50A87D5F1E31F71C00ED35F4 /* Woman.m */ = {isa = PBXFileReference; fileEncoding = 4; lastKnownFileType = sourcecode.c.objc; path = Woman.m; sourceTree = "<group>"; };
/* End PBXFileReference section */

/* Begin PBXFrameworksBuildPhase section */
		50A87D481E31F69E00ED35F4 /* Frameworks */ = {
			isa = PBXFrameworksBuildPhase;
			buildActionMask = 2147483647;
			files = (
			);
			runOnlyForDeploymentPostprocessing = 0;
		};
/* End PBXFrameworksBuildPhase section */

/* Begin PBXGroup section */
		50A87D421E31F69E00ED35F4 = {
			isa = PBXGroup;
			children = (
				50A87D4D1E31F69E00ED35F4 /* Exam0120 */,
				50A87D4C1E31F69E00ED35F4 /* Products */,
			);
			sourceTree = "<group>";
		};
		50A87D4C1E31F69E00ED35F4 /* Products */ = {
			isa = PBXGroup;
			children = (
				50A87D4B1E31F69E00ED35F4 /* Exam0120 */,
			);
			name = Products;
			sourceTree = "<group>";
		};
		50A87D4D1E31F69E00ED35F4 /* Exam0120 */ = {
			isa = PBXGroup;
			children = (
				50A87D4E1E31F69E00ED35F4 /* main.m */,
				50A87D551E31F6CB00ED35F4 /* Person.h */,
				50A87D561E31F6CB00ED35F4 /* Person.m */,
				50A87D581E31F6FA00ED35F4 /* Bank.h */,
				50A87D591E31F6FA00ED35F4 /* Bank.m */,
				50A87D5B1E31F70F00ED35F4 /* Man.h */,
				50A87D5C1E31F70F00ED35F4 /* Man.m */,
				50A87D5E1E31F71C00ED35F4 /* Woman.h */,
				50A87D5F1E31F71C00ED35F4 /* Woman.m */,
			);
			path = Exam0120;
			sourceTree = "<group>";
		};
/* End PBXGroup section */

/* Begin PBXNativeTarget section */
		50A87D4A1E31F69E00ED35F4 /* Exam0120 */ = {
			isa = PBXNativeTarget;
			buildConfigurationList = 50A87D521E31F69E00ED35F4 /* Build configuration list for PBXNativeTarget "Exam0120" */;
			buildPhases = (
				50A87D471E31F69E00ED35F4 /* Sources */,
				50A87D481E31F69E00ED35F4 /* Frameworks */,
				50A87D491E31F69E00ED35F4 /* CopyFiles */,
			);
			buildRules = (
			);
			dependencies = (
			);
			name = Exam0120;
			productName = Exam0120;
			productReference = 50A87D4B1E31F69E00ED35F4 /* Exam0120 */;
			productType = "com.apple.product-type.tool";
		};
/* End PBXNativeTarget section */

/* Begin PBXProject section */
		50A87D431E31F69E00ED35F4 /* Project object */ = {
			isa = PBXProject;
			attributes = {
				LastUpgradeCheck = 0820;
				ORGANIZATIONNAME = WingsCompany;
				TargetAttributes = {
					50A87D4A1E31F69E00ED35F4 = {
						CreatedOnToolsVersion = 8.2.1;
						ProvisioningStyle = Automatic;
					};
				};
			};
			buildConfigurationList = 50A87D461E31F69E00ED35F4 /* Build configuration list for PBXProject "Exam0120" */;
			compatibilityVersion = "Xcode 3.2";
			developmentRegion = English;
			hasScannedForEncodings = 0;
			knownRegions = (
				en,
			);
			mainGroup = 50A87D421E31F69E00ED35F4;
			productRefGroup = 50A87D4C1E31F69E00ED35F4 /* Products */;
			projectDirPath = "";
			projectRoot = "";
			targets = (
				50A87D4A1E31F69E00ED35F4 /* Exam0120 */,
			);
		};
/* End PBXProject section */

/* Begin PBXSourcesBuildPhase section */
		50A87D471E31F69E00ED35F4 /* Sources */ = {
			isa = PBXSourcesBuildPhase;
			buildActionMask = 2147483647;
			files = (
				50A87D5D1E31F70F00ED35F4 /* Man.m in Sources */,
				50A87D571E31F6CB00ED35F4 /* Person.m in Sources */,
				50A87D4F1E31F69E00ED35F4 /* main.m in Sources */,
				50A87D5A1E31F6FA00ED35F4 /* Bank.m in Sources */,
				50A87D601E31F71C00ED35F4 /* Woman.m in Sources */,
			);
			runOnlyForDeploymentPostprocessing = 0;
		};
/* End PBXSourcesBuildPhase section */

/* Begin XCBuildConfiguration section */
		50A87D501E31F69E00ED35F4 /* Debug */ = {
			isa = XCBuildConfiguration;
			buildSettings = {
				ALWAYS_SEARCH_USER_PATHS = NO;
				CLANG_ANALYZER_NONNULL = YES;
				CLANG_CXX_LANGUAGE_STANDARD = "gnu++0x";
				CLANG_CXX_LIBRARY = "libc++";
				CLANG_ENABLE_MODULES = YES;
				CLANG_ENABLE_OBJC_ARC = YES;
				CLANG_WARN_BOOL_CONVERSION = YES;
				CLANG_WARN_CONSTANT_CONVERSION = YES;
				CLANG_WARN_DIRECT_OBJC_ISA_USAGE = YES_ERROR;
				CLANG_WARN_DOCUMENTATION_COMMENTS = YES;
				CLANG_WARN_EMPTY_BODY = YES;
				CLANG_WARN_ENUM_CONVERSION = YES;
				CLANG_WARN_INFINITE_RECURSION = YES;
				CLANG_WARN_INT_CONVERSION = YES;
				CLANG_WARN_OBJC_ROOT_CLASS = YES_ERROR;
				CLANG_WARN_SUSPICIOUS_MOVE = YES;
				CLANG_WARN_UNREACHABLE_CODE = YES;
				CLANG_WARN__DUPLICATE_METHOD_MATCH = YES;
				CODE_SIGN_IDENTITY = "-";
				COPY_PHASE_STRIP = NO;
				DEBUG_INFORMATION_FORMAT = dwarf;
				ENABLE_STRICT_OBJC_MSGSEND = YES;
				ENABLE_TESTABILITY = YES;
				GCC_C_LANGUAGE_STANDARD = gnu99;
				GCC_DYNAMIC_NO_PIC = NO;
				GCC_NO_COMMON_BLOCKS = YES;
				GCC_OPTIMIZATION_LEVEL = 0;
				GCC_PREPROCESSOR_DEFINITIONS = (
					"DEBUG=1",
					"$(inherited)",
				);
				GCC_WARN_64_TO_32_BIT_CONVERSION = YES;
				GCC_WARN_ABOUT_RETURN_TYPE = YES_ERROR;
				GCC_WARN_UNDECLARED_SELECTOR = YES;
				GCC_WARN_UNINITIALIZED_AUTOS = YES_AGGRESSIVE;
				GCC_WARN_UNUSED_FUNCTION = YES;
				GCC_WARN_UNUSED_VARIABLE = YES;
				MACOSX_DEPLOYMENT_TARGET = 10.12;
				MTL_ENABLE_DEBUG_INFO = YES;
				ONLY_ACTIVE_ARCH = YES;
				SDKROOT = macosx;
			};
			name = Debug;
		};
		50A87D511E31F69E00ED35F4 /* Release */ = {
			isa = XCBuildConfiguration;
			buildSettings = {
				ALWAYS_SEARCH_USER_PATHS = NO;
				CLANG_ANALYZER_NONNULL = YES;
				CLANG_CXX_LANGUAGE_STANDARD = "gnu++0x";
				CLANG_CXX_LIBRARY = "libc++";
				CLANG_ENABLE_MODULES = YES;
				CLANG_ENABLE_OBJC_ARC = YES;
				CLANG_WARN_BOOL_CONVERSION = YES;
				CLANG_WARN_CONSTANT_CONVERSION = YES;
				CLANG_WARN_DIRECT_OBJC_ISA_USAGE = YES_ERROR;
				CLANG_WARN_DOCUMENTATION_COMMENTS = YES;
				CLANG_WARN_EMPTY_BODY = YES;
				CLANG_WARN_ENUM_CONVERSION = YES;
				CLANG_WARN_INFINITE_RECURSION = YES;
				CLANG_WARN_INT_CONVERSION = YES;
				CLANG_WARN_OBJC_ROOT_CLASS = YES_ERROR;
				CLANG_WARN_SUSPICIOUS_MOVE = YES;
				CLANG_WARN_UNREACHABLE_CODE = YES;
				CLANG_WARN__DUPLICATE_METHOD_MATCH = YES;
				CODE_SIGN_IDENTITY = "-";
				COPY_PHASE_STRIP = NO;
				DEBUG_INFORMATION_FORMAT = "dwarf-with-dsym";
				ENABLE_NS_ASSERTIONS = NO;
				ENABLE_STRICT_OBJC_MSGSEND = YES;
				GCC_C_LANGUAGE_STANDARD = gnu99;
				GCC_NO_COMMON_BLOCKS = YES;
				GCC_WARN_64_TO_32_BIT_CONVERSION = YES;
				GCC_WARN_ABOUT_RETURN_TYPE = YES_ERROR;
				GCC_WARN_UNDECLARED_SELECTOR = YES;
				GCC_WARN_UNINITIALIZED_AUTOS = YES_AGGRESSIVE;
				GCC_WARN_UNUSED_FUNCTION = YES;
				GCC_WARN_UNUSED_VARIABLE = YES;
				MACOSX_DEPLOYMENT_TARGET = 10.12;
				MTL_ENABLE_DEBUG_INFO = NO;
				SDKROOT = macosx;
			};
			name = Release;
		};
		50A87D531E31F69E00ED35F4 /* Debug */ = {
			isa = XCBuildConfiguration;
			buildSettings = {
				PRODUCT_NAME = "$(TARGET_NAME)";
			};
			name = Debug;
		};
		50A87D541E31F69E00ED35F4 /* Release */ = {
			isa = XCBuildConfiguration;
			buildSettings = {
				PRODUCT_NAME = "$(TARGET_NAME)";
			};
			name = Release;
		};
/* End XCBuildConfiguration section */

/* Begin XCConfigurationList section */
		50A87D461E31F69E00ED35F4 /* Build configuration list for PBXProject "Exam0120" */ = {
			isa = XCConfigurationList;
			buildConfigurations = (
				50A87D501E31F69E00ED35F4 /* Debug */,
				50A87D511E31F69E00ED35F4 /* Release */,
			);
			defaultConfigurationIsVisible = 0;
			defaultConfigurationName = Release;
		};
		50A87D521E31F69E00ED35F4 /* Build configuration list for PBXNativeTarget "Exam0120" */ = {
			isa = XCConfigurationList;
			buildConfigurations = (
				50A87D531E31F69E00ED35F4 /* Debug */,
				50A87D541E31F69E00ED35F4 /* Release */,
			);
			defaultConfigurationIsVisible = 0;
		};
/* End XCConfigurationList section */
	};
	rootObject = 50A87D431E31F69E00ED35F4 /* Project object */;
}
