// !$*UTF8*$!
{
	archiveVersion = 1;
	classes = {
	};
	objectVersion = 46;
	objects = {

/* Begin PBXBuildFile section */
		9157ED921E55583D007555EC /* monumentvalley.jpg in Resources */ = {isa = PBXBuildFile; fileRef = 9157ED911E55583D007555EC /* monumentvalley.jpg */; };
		9157ED9F1E5572B4007555EC /* abyssrium.jpg in Resources */ = {isa = PBXBuildFile; fileRef = 9157ED931E5572B4007555EC /* abyssrium.jpg */; };
		9157EDA11E5572B4007555EC /* bastion.jpg in Resources */ = {isa = PBXBuildFile; fileRef = 9157ED951E5572B4007555EC /* bastion.jpg */; };
		9157EDA21E5572B4007555EC /* DeadTrigger2.png in Resources */ = {isa = PBXBuildFile; fileRef = 9157ED961E5572B4007555EC /* DeadTrigger2.png */; };
		9157EDA31E5572B4007555EC /* implosion.png in Resources */ = {isa = PBXBuildFile; fileRef = 9157ED971E5572B4007555EC /* implosion.png */; };
		9157EDA51E5572B4007555EC /* NeverAlone.jpg in Resources */ = {isa = PBXBuildFile; fileRef = 9157ED991E5572B4007555EC /* NeverAlone.jpg */; };
		9157EDA61E5572B4007555EC /* prune.jpg in Resources */ = {isa = PBXBuildFile; fileRef = 9157ED9A1E5572B4007555EC /* prune.jpg */; };
		9157EDA71E5572B4007555EC /* shadowgun.jpg in Resources */ = {isa = PBXBuildFile; fileRef = 9157ED9B1E5572B4007555EC /* shadowgun.jpg */; };
		9157EDA81E5572B4007555EC /* Tengami.jpg in Resources */ = {isa = PBXBuildFile; fileRef = 9157ED9C1E5572B4007555EC /* Tengami.jpg */; };
		9157EDA91E5572B4007555EC /* thiswarofmine.jpg in Resources */ = {isa = PBXBuildFile; fileRef = 9157ED9D1E5572B4007555EC /* thiswarofmine.jpg */; };
		9157EDAA1E5572B4007555EC /* transistor.png in Resources */ = {isa = PBXBuildFile; fileRef = 9157ED9E1E5572B4007555EC /* transistor.png */; };
		9157EDAD1E558404007555EC /* AssasinCreedIdentity.jpg in Resources */ = {isa = PBXBuildFile; fileRef = 9157EDAB1E558404007555EC /* AssasinCreedIdentity.jpg */; };
		9157EDAE1E558404007555EC /* infinityblade.jpg in Resources */ = {isa = PBXBuildFile; fileRef = 9157EDAC1E558404007555EC /* infinityblade.jpg */; };
		91C8CEC31E554CA900712A79 /* main.m in Sources */ = {isa = PBXBuildFile; fileRef = 91C8CEC21E554CA900712A79 /* main.m */; };
		91C8CEC61E554CA900712A79 /* AppDelegate.m in Sources */ = {isa = PBXBuildFile; fileRef = 91C8CEC51E554CA900712A79 /* AppDelegate.m */; };
		91C8CEC91E554CA900712A79 /* ViewController.m in Sources */ = {isa = PBXBuildFile; fileRef = 91C8CEC81E554CA900712A79 /* ViewController.m */; };
		91C8CECC1E554CA900712A79 /* Main.storyboard in Resources */ = {isa = PBXBuildFile; fileRef = 91C8CECA1E554CA900712A79 /* Main.storyboard */; };
		91C8CECE1E554CA900712A79 /* Assets.xcassets in Resources */ = {isa = PBXBuildFile; fileRef = 91C8CECD1E554CA900712A79 /* Assets.xcassets */; };
		91C8CED11E554CA900712A79 /* LaunchScreen.storyboard in Resources */ = {isa = PBXBuildFile; fileRef = 91C8CECF1E554CA900712A79 /* LaunchScreen.storyboard */; };
		91C8CEDC1E554CA900712A79 /* TableView2Tests.m in Sources */ = {isa = PBXBuildFile; fileRef = 91C8CEDB1E554CA900712A79 /* TableView2Tests.m */; };
		91C8CEE71E554CA900712A79 /* TableView2UITests.m in Sources */ = {isa = PBXBuildFile; fileRef = 91C8CEE61E554CA900712A79 /* TableView2UITests.m */; };
/* End PBXBuildFile section */

/* Begin PBXContainerItemProxy section */
		91C8CED81E554CA900712A79 /* PBXContainerItemProxy */ = {
			isa = PBXContainerItemProxy;
			containerPortal = 91C8CEB61E554CA900712A79 /* Project object */;
			proxyType = 1;
			remoteGlobalIDString = 91C8CEBD1E554CA900712A79;
			remoteInfo = TableView2;
		};
		91C8CEE31E554CA900712A79 /* PBXContainerItemProxy */ = {
			isa = PBXContainerItemProxy;
			containerPortal = 91C8CEB61E554CA900712A79 /* Project object */;
			proxyType = 1;
			remoteGlobalIDString = 91C8CEBD1E554CA900712A79;
			remoteInfo = TableView2;
		};
/* End PBXContainerItemProxy section */

/* Begin PBXFileReference section */
		9157ED911E55583D007555EC /* monumentvalley.jpg */ = {isa = PBXFileReference; lastKnownFileType = image.jpeg; path = monumentvalley.jpg; sourceTree = "<group>"; };
		9157ED931E5572B4007555EC /* abyssrium.jpg */ = {isa = PBXFileReference; lastKnownFileType = image.jpeg; path = abyssrium.jpg; sourceTree = "<group>"; };
		9157ED951E5572B4007555EC /* bastion.jpg */ = {isa = PBXFileReference; lastKnownFileType = image.jpeg; path = bastion.jpg; sourceTree = "<group>"; };
		9157ED961E5572B4007555EC /* DeadTrigger2.png */ = {isa = PBXFileReference; lastKnownFileType = image.png; path = DeadTrigger2.png; sourceTree = "<group>"; };
		9157ED971E5572B4007555EC /* implosion.png */ = {isa = PBXFileReference; lastKnownFileType = image.png; path = implosion.png; sourceTree = "<group>"; };
		9157ED991E5572B4007555EC /* NeverAlone.jpg */ = {isa = PBXFileReference; lastKnownFileType = image.jpeg; path = NeverAlone.jpg; sourceTree = "<group>"; };
		9157ED9A1E5572B4007555EC /* prune.jpg */ = {isa = PBXFileReference; lastKnownFileType = image.jpeg; path = prune.jpg; sourceTree = "<group>"; };
		9157ED9B1E5572B4007555EC /* shadowgun.jpg */ = {isa = PBXFileReference; lastKnownFileType = image.jpeg; path = shadowgun.jpg; sourceTree = "<group>"; };
		9157ED9C1E5572B4007555EC /* Tengami.jpg */ = {isa = PBXFileReference; lastKnownFileType = image.jpeg; path = Tengami.jpg; sourceTree = "<group>"; };
		9157ED9D1E5572B4007555EC /* thiswarofmine.jpg */ = {isa = PBXFileReference; lastKnownFileType = image.jpeg; path = thiswarofmine.jpg; sourceTree = "<group>"; };
		9157ED9E1E5572B4007555EC /* transistor.png */ = {isa = PBXFileReference; lastKnownFileType = image.png; path = transistor.png; sourceTree = "<group>"; };
		9157EDAB1E558404007555EC /* AssasinCreedIdentity.jpg */ = {isa = PBXFileReference; lastKnownFileType = image.jpeg; path = AssasinCreedIdentity.jpg; sourceTree = "<group>"; };
		9157EDAC1E558404007555EC /* infinityblade.jpg */ = {isa = PBXFileReference; lastKnownFileType = image.jpeg; path = infinityblade.jpg; sourceTree = "<group>"; };
		91C8CEBE1E554CA900712A79 /* TableView2.app */ = {isa = PBXFileReference; explicitFileType = wrapper.application; includeInIndex = 0; path = TableView2.app; sourceTree = BUILT_PRODUCTS_DIR; };
		91C8CEC21E554CA900712A79 /* main.m */ = {isa = PBXFileReference; lastKnownFileType = sourcecode.c.objc; path = main.m; sourceTree = "<group>"; };
		91C8CEC41E554CA900712A79 /* AppDelegate.h */ = {isa = PBXFileReference; lastKnownFileType = sourcecode.c.h; path = AppDelegate.h; sourceTree = "<group>"; };
		91C8CEC51E554CA900712A79 /* AppDelegate.m */ = {isa = PBXFileReference; lastKnownFileType = sourcecode.c.objc; path = AppDelegate.m; sourceTree = "<group>"; };
		91C8CEC71E554CA900712A79 /* ViewController.h */ = {isa = PBXFileReference; lastKnownFileType = sourcecode.c.h; path = ViewController.h; sourceTree = "<group>"; };
		91C8CEC81E554CA900712A79 /* ViewController.m */ = {isa = PBXFileReference; lastKnownFileType = sourcecode.c.objc; path = ViewController.m; sourceTree = "<group>"; };
		91C8CECB1E554CA900712A79 /* Base */ = {isa = PBXFileReference; lastKnownFileType = file.storyboard; name = Base; path = Base.lproj/Main.storyboard; sourceTree = "<group>"; };
		91C8CECD1E554CA900712A79 /* Assets.xcassets */ = {isa = PBXFileReference; lastKnownFileType = folder.assetcatalog; path = Assets.xcassets; sourceTree = "<group>"; };
		91C8CED01E554CA900712A79 /* Base */ = {isa = PBXFileReference; lastKnownFileType = file.storyboard; name = Base; path = Base.lproj/LaunchScreen.storyboard; sourceTree = "<group>"; };
		91C8CED21E554CA900712A79 /* Info.plist */ = {isa = PBXFileReference; lastKnownFileType = text.plist.xml; path = Info.plist; sourceTree = "<group>"; };
		91C8CED71E554CA900712A79 /* TableView2Tests.xctest */ = {isa = PBXFileReference; explicitFileType = wrapper.cfbundle; includeInIndex = 0; path = TableView2Tests.xctest; sourceTree = BUILT_PRODUCTS_DIR; };
		91C8CEDB1E554CA900712A79 /* TableView2Tests.m */ = {isa = PBXFileReference; lastKnownFileType = sourcecode.c.objc; path = TableView2Tests.m; sourceTree = "<group>"; };
		91C8CEDD1E554CA900712A79 /* Info.plist */ = {isa = PBXFileReference; lastKnownFileType = text.plist.xml; path = Info.plist; sourceTree = "<group>"; };
		91C8CEE21E554CA900712A79 /* TableView2UITests.xctest */ = {isa = PBXFileReference; explicitFileType = wrapper.cfbundle; includeInIndex = 0; path = TableView2UITests.xctest; sourceTree = BUILT_PRODUCTS_DIR; };
		91C8CEE61E554CA900712A79 /* TableView2UITests.m */ = {isa = PBXFileReference; lastKnownFileType = sourcecode.c.objc; path = TableView2UITests.m; sourceTree = "<group>"; };
		91C8CEE81E554CA900712A79 /* Info.plist */ = {isa = PBXFileReference; lastKnownFileType = text.plist.xml; path = Info.plist; sourceTree = "<group>"; };
/* End PBXFileReference section */

/* Begin PBXFrameworksBuildPhase section */
		91C8CEBB1E554CA900712A79 /* Frameworks */ = {
			isa = PBXFrameworksBuildPhase;
			buildActionMask = 2147483647;
			files = (
			);
			runOnlyForDeploymentPostprocessing = 0;
		};
		91C8CED41E554CA900712A79 /* Frameworks */ = {
			isa = PBXFrameworksBuildPhase;
			buildActionMask = 2147483647;
			files = (
			);
			runOnlyForDeploymentPostprocessing = 0;
		};
		91C8CEDF1E554CA900712A79 /* Frameworks */ = {
			isa = PBXFrameworksBuildPhase;
			buildActionMask = 2147483647;
			files = (
			);
			runOnlyForDeploymentPostprocessing = 0;
		};
/* End PBXFrameworksBuildPhase section */

/* Begin PBXGroup section */
		91C8CEB51E554CA900712A79 = {
			isa = PBXGroup;
			children = (
				91C8CEC01E554CA900712A79 /* TableView2 */,
				91C8CEDA1E554CA900712A79 /* TableView2Tests */,
				91C8CEE51E554CA900712A79 /* TableView2UITests */,
				91C8CEBF1E554CA900712A79 /* Products */,
			);
			sourceTree = "<group>";
		};
		91C8CEBF1E554CA900712A79 /* Products */ = {
			isa = PBXGroup;
			children = (
				91C8CEBE1E554CA900712A79 /* TableView2.app */,
				91C8CED71E554CA900712A79 /* TableView2Tests.xctest */,
				91C8CEE21E554CA900712A79 /* TableView2UITests.xctest */,
			);
			name = Products;
			sourceTree = "<group>";
		};
		91C8CEC01E554CA900712A79 /* TableView2 */ = {
			isa = PBXGroup;
			children = (
				91C8CEC41E554CA900712A79 /* AppDelegate.h */,
				91C8CEC51E554CA900712A79 /* AppDelegate.m */,
				91C8CEC71E554CA900712A79 /* ViewController.h */,
				91C8CEC81E554CA900712A79 /* ViewController.m */,
				91C8CECA1E554CA900712A79 /* Main.storyboard */,
				91C8CECD1E554CA900712A79 /* Assets.xcassets */,
				9157ED911E55583D007555EC /* monumentvalley.jpg */,
				9157ED931E5572B4007555EC /* abyssrium.jpg */,
				9157ED951E5572B4007555EC /* bastion.jpg */,
				9157EDAB1E558404007555EC /* AssasinCreedIdentity.jpg */,
				9157EDAC1E558404007555EC /* infinityblade.jpg */,
				9157ED961E5572B4007555EC /* DeadTrigger2.png */,
				9157ED971E5572B4007555EC /* implosion.png */,
				9157ED991E5572B4007555EC /* NeverAlone.jpg */,
				9157ED9A1E5572B4007555EC /* prune.jpg */,
				9157ED9B1E5572B4007555EC /* shadowgun.jpg */,
				9157ED9C1E5572B4007555EC /* Tengami.jpg */,
				9157ED9D1E5572B4007555EC /* thiswarofmine.jpg */,
				9157ED9E1E5572B4007555EC /* transistor.png */,
				91C8CECF1E554CA900712A79 /* LaunchScreen.storyboard */,
				91C8CED21E554CA900712A79 /* Info.plist */,
				91C8CEC11E554CA900712A79 /* Supporting Files */,
			);
			path = TableView2;
			sourceTree = "<group>";
		};
		91C8CEC11E554CA900712A79 /* Supporting Files */ = {
			isa = PBXGroup;
			children = (
				91C8CEC21E554CA900712A79 /* main.m */,
			);
			name = "Supporting Files";
			sourceTree = "<group>";
		};
		91C8CEDA1E554CA900712A79 /* TableView2Tests */ = {
			isa = PBXGroup;
			children = (
				91C8CEDB1E554CA900712A79 /* TableView2Tests.m */,
				91C8CEDD1E554CA900712A79 /* Info.plist */,
			);
			path = TableView2Tests;
			sourceTree = "<group>";
		};
		91C8CEE51E554CA900712A79 /* TableView2UITests */ = {
			isa = PBXGroup;
			children = (
				91C8CEE61E554CA900712A79 /* TableView2UITests.m */,
				91C8CEE81E554CA900712A79 /* Info.plist */,
			);
			path = TableView2UITests;
			sourceTree = "<group>";
		};
/* End PBXGroup section */

/* Begin PBXNativeTarget section */
		91C8CEBD1E554CA900712A79 /* TableView2 */ = {
			isa = PBXNativeTarget;
			buildConfigurationList = 91C8CEEB1E554CA900712A79 /* Build configuration list for PBXNativeTarget "TableView2" */;
			buildPhases = (
				91C8CEBA1E554CA900712A79 /* Sources */,
				91C8CEBB1E554CA900712A79 /* Frameworks */,
				91C8CEBC1E554CA900712A79 /* Resources */,
			);
			buildRules = (
			);
			dependencies = (
			);
			name = TableView2;
			productName = TableView2;
			productReference = 91C8CEBE1E554CA900712A79 /* TableView2.app */;
			productType = "com.apple.product-type.application";
		};
		91C8CED61E554CA900712A79 /* TableView2Tests */ = {
			isa = PBXNativeTarget;
			buildConfigurationList = 91C8CEEE1E554CA900712A79 /* Build configuration list for PBXNativeTarget "TableView2Tests" */;
			buildPhases = (
				91C8CED31E554CA900712A79 /* Sources */,
				91C8CED41E554CA900712A79 /* Frameworks */,
				91C8CED51E554CA900712A79 /* Resources */,
			);
			buildRules = (
			);
			dependencies = (
				91C8CED91E554CA900712A79 /* PBXTargetDependency */,
			);
			name = TableView2Tests;
			productName = TableView2Tests;
			productReference = 91C8CED71E554CA900712A79 /* TableView2Tests.xctest */;
			productType = "com.apple.product-type.bundle.unit-test";
		};
		91C8CEE11E554CA900712A79 /* TableView2UITests */ = {
			isa = PBXNativeTarget;
			buildConfigurationList = 91C8CEF11E554CA900712A79 /* Build configuration list for PBXNativeTarget "TableView2UITests" */;
			buildPhases = (
				91C8CEDE1E554CA900712A79 /* Sources */,
				91C8CEDF1E554CA900712A79 /* Frameworks */,
				91C8CEE01E554CA900712A79 /* Resources */,
			);
			buildRules = (
			);
			dependencies = (
				91C8CEE41E554CA900712A79 /* PBXTargetDependency */,
			);
			name = TableView2UITests;
			productName = TableView2UITests;
			productReference = 91C8CEE21E554CA900712A79 /* TableView2UITests.xctest */;
			productType = "com.apple.product-type.bundle.ui-testing";
		};
/* End PBXNativeTarget section */

/* Begin PBXProject section */
		91C8CEB61E554CA900712A79 /* Project object */ = {
			isa = PBXProject;
			attributes = {
				LastUpgradeCheck = 0820;
				ORGANIZATIONNAME = Fastcampus;
				TargetAttributes = {
					91C8CEBD1E554CA900712A79 = {
						CreatedOnToolsVersion = 8.2.1;
						DevelopmentTeam = PDF8XXXYH9;
						ProvisioningStyle = Automatic;
					};
					91C8CED61E554CA900712A79 = {
						CreatedOnToolsVersion = 8.2.1;
						DevelopmentTeam = PDF8XXXYH9;
						ProvisioningStyle = Automatic;
						TestTargetID = 91C8CEBD1E554CA900712A79;
					};
					91C8CEE11E554CA900712A79 = {
						CreatedOnToolsVersion = 8.2.1;
						DevelopmentTeam = PDF8XXXYH9;
						ProvisioningStyle = Automatic;
						TestTargetID = 91C8CEBD1E554CA900712A79;
					};
				};
			};
			buildConfigurationList = 91C8CEB91E554CA900712A79 /* Build configuration list for PBXProject "TableView2" */;
			compatibilityVersion = "Xcode 3.2";
			developmentRegion = English;
			hasScannedForEncodings = 0;
			knownRegions = (
				en,
				Base,
			);
			mainGroup = 91C8CEB51E554CA900712A79;
			productRefGroup = 91C8CEBF1E554CA900712A79 /* Products */;
			projectDirPath = "";
			projectRoot = "";
			targets = (
				91C8CEBD1E554CA900712A79 /* TableView2 */,
				91C8CED61E554CA900712A79 /* TableView2Tests */,
				91C8CEE11E554CA900712A79 /* TableView2UITests */,
			);
		};
/* End PBXProject section */

/* Begin PBXResourcesBuildPhase section */
		91C8CEBC1E554CA900712A79 /* Resources */ = {
			isa = PBXResourcesBuildPhase;
			buildActionMask = 2147483647;
			files = (
				9157EDA71E5572B4007555EC /* shadowgun.jpg in Resources */,
				9157EDA11E5572B4007555EC /* bastion.jpg in Resources */,
				9157EDAE1E558404007555EC /* infinityblade.jpg in Resources */,
				9157EDA81E5572B4007555EC /* Tengami.jpg in Resources */,
				9157EDA61E5572B4007555EC /* prune.jpg in Resources */,
				91C8CED11E554CA900712A79 /* LaunchScreen.storyboard in Resources */,
				9157ED921E55583D007555EC /* monumentvalley.jpg in Resources */,
				9157EDAD1E558404007555EC /* AssasinCreedIdentity.jpg in Resources */,
				91C8CECE1E554CA900712A79 /* Assets.xcassets in Resources */,
				9157EDA51E5572B4007555EC /* NeverAlone.jpg in Resources */,
				9157EDA91E5572B4007555EC /* thiswarofmine.jpg in Resources */,
				9157EDAA1E5572B4007555EC /* transistor.png in Resources */,
				9157ED9F1E5572B4007555EC /* abyssrium.jpg in Resources */,
				91C8CECC1E554CA900712A79 /* Main.storyboard in Resources */,
				9157EDA21E5572B4007555EC /* DeadTrigger2.png in Resources */,
				9157EDA31E5572B4007555EC /* implosion.png in Resources */,
			);
			runOnlyForDeploymentPostprocessing = 0;
		};
		91C8CED51E554CA900712A79 /* Resources */ = {
			isa = PBXResourcesBuildPhase;
			buildActionMask = 2147483647;
			files = (
			);
			runOnlyForDeploymentPostprocessing = 0;
		};
		91C8CEE01E554CA900712A79 /* Resources */ = {
			isa = PBXResourcesBuildPhase;
			buildActionMask = 2147483647;
			files = (
			);
			runOnlyForDeploymentPostprocessing = 0;
		};
/* End PBXResourcesBuildPhase section */

/* Begin PBXSourcesBuildPhase section */
		91C8CEBA1E554CA900712A79 /* Sources */ = {
			isa = PBXSourcesBuildPhase;
			buildActionMask = 2147483647;
			files = (
				91C8CEC91E554CA900712A79 /* ViewController.m in Sources */,
				91C8CEC61E554CA900712A79 /* AppDelegate.m in Sources */,
				91C8CEC31E554CA900712A79 /* main.m in Sources */,
			);
			runOnlyForDeploymentPostprocessing = 0;
		};
		91C8CED31E554CA900712A79 /* Sources */ = {
			isa = PBXSourcesBuildPhase;
			buildActionMask = 2147483647;
			files = (
				91C8CEDC1E554CA900712A79 /* TableView2Tests.m in Sources */,
			);
			runOnlyForDeploymentPostprocessing = 0;
		};
		91C8CEDE1E554CA900712A79 /* Sources */ = {
			isa = PBXSourcesBuildPhase;
			buildActionMask = 2147483647;
			files = (
				91C8CEE71E554CA900712A79 /* TableView2UITests.m in Sources */,
			);
			runOnlyForDeploymentPostprocessing = 0;
		};
/* End PBXSourcesBuildPhase section */

/* Begin PBXTargetDependency section */
		91C8CED91E554CA900712A79 /* PBXTargetDependency */ = {
			isa = PBXTargetDependency;
			target = 91C8CEBD1E554CA900712A79 /* TableView2 */;
			targetProxy = 91C8CED81E554CA900712A79 /* PBXContainerItemProxy */;
		};
		91C8CEE41E554CA900712A79 /* PBXTargetDependency */ = {
			isa = PBXTargetDependency;
			target = 91C8CEBD1E554CA900712A79 /* TableView2 */;
			targetProxy = 91C8CEE31E554CA900712A79 /* PBXContainerItemProxy */;
		};
/* End PBXTargetDependency section */

/* Begin PBXVariantGroup section */
		91C8CECA1E554CA900712A79 /* Main.storyboard */ = {
			isa = PBXVariantGroup;
			children = (
				91C8CECB1E554CA900712A79 /* Base */,
			);
			name = Main.storyboard;
			sourceTree = "<group>";
		};
		91C8CECF1E554CA900712A79 /* LaunchScreen.storyboard */ = {
			isa = PBXVariantGroup;
			children = (
				91C8CED01E554CA900712A79 /* Base */,
			);
			name = LaunchScreen.storyboard;
			sourceTree = "<group>";
		};
/* End PBXVariantGroup section */

/* Begin XCBuildConfiguration section */
		91C8CEE91E554CA900712A79 /* Debug */ = {
			isa = XCBuildConfiguration;
			buildSettings = {
				ALWAYS_SEARCH_USER_PATHS = NO;
				CLANG_ANALYZER_NONNULL = YES;
				CLANG_CXX_LANGUAGE_STANDARD = "gnu++0x";
				CLANG_CXX_LIBRARY = "libc++";
				CLANG_ENABLE_MODULES = YES;
				CLANG_ENABLE_OBJC_ARC = YES;
				CLANG_WARN_BOOL_CONVERSION = YES;
				CLANG_WARN_CONSTANT_CONVERSION = YES;
				CLANG_WARN_DIRECT_OBJC_ISA_USAGE = YES_ERROR;
				CLANG_WARN_DOCUMENTATION_COMMENTS = YES;
				CLANG_WARN_EMPTY_BODY = YES;
				CLANG_WARN_ENUM_CONVERSION = YES;
				CLANG_WARN_INFINITE_RECURSION = YES;
				CLANG_WARN_INT_CONVERSION = YES;
				CLANG_WARN_OBJC_ROOT_CLASS = YES_ERROR;
				CLANG_WARN_SUSPICIOUS_MOVE = YES;
				CLANG_WARN_UNREACHABLE_CODE = YES;
				CLANG_WARN__DUPLICATE_METHOD_MATCH = YES;
				"CODE_SIGN_IDENTITY[sdk=iphoneos*]" = "iPhone Developer";
				COPY_PHASE_STRIP = NO;
				DEBUG_INFORMATION_FORMAT = dwarf;
				ENABLE_STRICT_OBJC_MSGSEND = YES;
				ENABLE_TESTABILITY = YES;
				GCC_C_LANGUAGE_STANDARD = gnu99;
				GCC_DYNAMIC_NO_PIC = NO;
				GCC_NO_COMMON_BLOCKS = YES;
				GCC_OPTIMIZATION_LEVEL = 0;
				GCC_PREPROCESSOR_DEFINITIONS = (
					"DEBUG=1",
					"$(inherited)",
				);
				GCC_WARN_64_TO_32_BIT_CONVERSION = YES;
				GCC_WARN_ABOUT_RETURN_TYPE = YES_ERROR;
				GCC_WARN_UNDECLARED_SELECTOR = YES;
				GCC_WARN_UNINITIALIZED_AUTOS = YES_AGGRESSIVE;
				GCC_WARN_UNUSED_FUNCTION = YES;
				GCC_WARN_UNUSED_VARIABLE = YES;
				IPHONEOS_DEPLOYMENT_TARGET = 10.2;
				MTL_ENABLE_DEBUG_INFO = YES;
				ONLY_ACTIVE_ARCH = YES;
				SDKROOT = iphoneos;
			};
			name = Debug;
		};
		91C8CEEA1E554CA900712A79 /* Release */ = {
			isa = XCBuildConfiguration;
			buildSettings = {
				ALWAYS_SEARCH_USER_PATHS = NO;
				CLANG_ANALYZER_NONNULL = YES;
				CLANG_CXX_LANGUAGE_STANDARD = "gnu++0x";
				CLANG_CXX_LIBRARY = "libc++";
				CLANG_ENABLE_MODULES = YES;
				CLANG_ENABLE_OBJC_ARC = YES;
				CLANG_WARN_BOOL_CONVERSION = YES;
				CLANG_WARN_CONSTANT_CONVERSION = YES;
				CLANG_WARN_DIRECT_OBJC_ISA_USAGE = YES_ERROR;
				CLANG_WARN_DOCUMENTATION_COMMENTS = YES;
				CLANG_WARN_EMPTY_BODY = YES;
				CLANG_WARN_ENUM_CONVERSION = YES;
				CLANG_WARN_INFINITE_RECURSION = YES;
				CLANG_WARN_INT_CONVERSION = YES;
				CLANG_WARN_OBJC_ROOT_CLASS = YES_ERROR;
				CLANG_WARN_SUSPICIOUS_MOVE = YES;
				CLANG_WARN_UNREACHABLE_CODE = YES;
				CLANG_WARN__DUPLICATE_METHOD_MATCH = YES;
				"CODE_SIGN_IDENTITY[sdk=iphoneos*]" = "iPhone Developer";
				COPY_PHASE_STRIP = NO;
				DEBUG_INFORMATION_FORMAT = "dwarf-with-dsym";
				ENABLE_NS_ASSERTIONS = NO;
				ENABLE_STRICT_OBJC_MSGSEND = YES;
				GCC_C_LANGUAGE_STANDARD = gnu99;
				GCC_NO_COMMON_BLOCKS = YES;
				GCC_WARN_64_TO_32_BIT_CONVERSION = YES;
				GCC_WARN_ABOUT_RETURN_TYPE = YES_ERROR;
				GCC_WARN_UNDECLARED_SELECTOR = YES;
				GCC_WARN_UNINITIALIZED_AUTOS = YES_AGGRESSIVE;
				GCC_WARN_UNUSED_FUNCTION = YES;
				GCC_WARN_UNUSED_VARIABLE = YES;
				IPHONEOS_DEPLOYMENT_TARGET = 10.2;
				MTL_ENABLE_DEBUG_INFO = NO;
				SDKROOT = iphoneos;
				VALIDATE_PRODUCT = YES;
			};
			name = Release;
		};
		91C8CEEC1E554CA900712A79 /* Debug */ = {
			isa = XCBuildConfiguration;
			buildSettings = {
				ASSETCATALOG_COMPILER_APPICON_NAME = AppIcon;
				DEVELOPMENT_TEAM = PDF8XXXYH9;
				INFOPLIST_FILE = TableView2/Info.plist;
				LD_RUNPATH_SEARCH_PATHS = "$(inherited) @executable_path/Frameworks";
				PRODUCT_BUNDLE_IDENTIFIER = com.junyoungjee.develop.TableView2;
				PRODUCT_NAME = "$(TARGET_NAME)";
			};
			name = Debug;
		};
		91C8CEED1E554CA900712A79 /* Release */ = {
			isa = XCBuildConfiguration;
			buildSettings = {
				ASSETCATALOG_COMPILER_APPICON_NAME = AppIcon;
				DEVELOPMENT_TEAM = PDF8XXXYH9;
				INFOPLIST_FILE = TableView2/Info.plist;
				LD_RUNPATH_SEARCH_PATHS = "$(inherited) @executable_path/Frameworks";
				PRODUCT_BUNDLE_IDENTIFIER = com.junyoungjee.develop.TableView2;
				PRODUCT_NAME = "$(TARGET_NAME)";
			};
			name = Release;
		};
		91C8CEEF1E554CA900712A79 /* Debug */ = {
			isa = XCBuildConfiguration;
			buildSettings = {
				BUNDLE_LOADER = "$(TEST_HOST)";
				DEVELOPMENT_TEAM = PDF8XXXYH9;
				INFOPLIST_FILE = TableView2Tests/Info.plist;
				LD_RUNPATH_SEARCH_PATHS = "$(inherited) @executable_path/Frameworks @loader_path/Frameworks";
				PRODUCT_BUNDLE_IDENTIFIER = com.junyoungjee.develop.TableView2Tests;
				PRODUCT_NAME = "$(TARGET_NAME)";
				TEST_HOST = "$(BUILT_PRODUCTS_DIR)/TableView2.app/TableView2";
			};
			name = Debug;
		};
		91C8CEF01E554CA900712A79 /* Release */ = {
			isa = XCBuildConfiguration;
			buildSettings = {
				BUNDLE_LOADER = "$(TEST_HOST)";
				DEVELOPMENT_TEAM = PDF8XXXYH9;
				INFOPLIST_FILE = TableView2Tests/Info.plist;
				LD_RUNPATH_SEARCH_PATHS = "$(inherited) @executable_path/Frameworks @loader_path/Frameworks";
				PRODUCT_BUNDLE_IDENTIFIER = com.junyoungjee.develop.TableView2Tests;
				PRODUCT_NAME = "$(TARGET_NAME)";
				TEST_HOST = "$(BUILT_PRODUCTS_DIR)/TableView2.app/TableView2";
			};
			name = Release;
		};
		91C8CEF21E554CA900712A79 /* Debug */ = {
			isa = XCBuildConfiguration;
			buildSettings = {
				DEVELOPMENT_TEAM = PDF8XXXYH9;
				INFOPLIST_FILE = TableView2UITests/Info.plist;
				LD_RUNPATH_SEARCH_PATHS = "$(inherited) @executable_path/Frameworks @loader_path/Frameworks";
				PRODUCT_BUNDLE_IDENTIFIER = com.junyoungjee.develop.TableView2UITests;
				PRODUCT_NAME = "$(TARGET_NAME)";
				TEST_TARGET_NAME = TableView2;
			};
			name = Debug;
		};
		91C8CEF31E554CA900712A79 /* Release */ = {
			isa = XCBuildConfiguration;
			buildSettings = {
				DEVELOPMENT_TEAM = PDF8XXXYH9;
				INFOPLIST_FILE = TableView2UITests/Info.plist;
				LD_RUNPATH_SEARCH_PATHS = "$(inherited) @executable_path/Frameworks @loader_path/Frameworks";
				PRODUCT_BUNDLE_IDENTIFIER = com.junyoungjee.develop.TableView2UITests;
				PRODUCT_NAME = "$(TARGET_NAME)";
				TEST_TARGET_NAME = TableView2;
			};
			name = Release;
		};
/* End XCBuildConfiguration section */

/* Begin XCConfigurationList section */
		91C8CEB91E554CA900712A79 /* Build configuration list for PBXProject "TableView2" */ = {
			isa = XCConfigurationList;
			buildConfigurations = (
				91C8CEE91E554CA900712A79 /* Debug */,
				91C8CEEA1E554CA900712A79 /* Release */,
			);
			defaultConfigurationIsVisible = 0;
			defaultConfigurationName = Release;
		};
		91C8CEEB1E554CA900712A79 /* Build configuration list for PBXNativeTarget "TableView2" */ = {
			isa = XCConfigurationList;
			buildConfigurations = (
				91C8CEEC1E554CA900712A79 /* Debug */,
				91C8CEED1E554CA900712A79 /* Release */,
			);
			defaultConfigurationIsVisible = 0;
			defaultConfigurationName = Release;
		};
		91C8CEEE1E554CA900712A79 /* Build configuration list for PBXNativeTarget "TableView2Tests" */ = {
			isa = XCConfigurationList;
			buildConfigurations = (
				91C8CEEF1E554CA900712A79 /* Debug */,
				91C8CEF01E554CA900712A79 /* Release */,
			);
			defaultConfigurationIsVisible = 0;
			defaultConfigurationName = Release;
		};
		91C8CEF11E554CA900712A79 /* Build configuration list for PBXNativeTarget "TableView2UITests" */ = {
			isa = XCConfigurationList;
			buildConfigurations = (
				91C8CEF21E554CA900712A79 /* Debug */,
				91C8CEF31E554CA900712A79 /* Release */,
			);
			defaultConfigurationIsVisible = 0;
			defaultConfigurationName = Release;
		};
/* End XCConfigurationList section */
	};
	rootObject = 91C8CEB61E554CA900712A79 /* Project object */;
}
