// !$*UTF8*$!
{
	archiveVersion = 1;
	classes = {
	};
	objectVersion = 46;
	objects = {

/* Begin PBXBuildFile section */
		914123731E42C00C004453F7 /* main.m in Sources */ = {isa = PBXBuildFile; fileRef = 914123721E42C00C004453F7 /* main.m */; };
		9141237B1E42C02C004453F7 /* StarDrawing.m in Sources */ = {isa = PBXBuildFile; fileRef = 9141237A1E42C02C004453F7 /* StarDrawing.m */; };
/* End PBXBuildFile section */

/* Begin PBXCopyFilesBuildPhase section */
		9141236D1E42C00B004453F7 /* CopyFiles */ = {
			isa = PBXCopyFilesBuildPhase;
			buildActionMask = 2147483647;
			dstPath = /usr/share/man/man1/;
			dstSubfolderSpec = 0;
			files = (
			);
			runOnlyForDeploymentPostprocessing = 1;
		};
/* End PBXCopyFilesBuildPhase section */

/* Begin PBXFileReference section */
		9141236F1E42C00C004453F7 /* DrawingStar */ = {isa = PBXFileReference; explicitFileType = "compiled.mach-o.executable"; includeInIndex = 0; path = DrawingStar; sourceTree = BUILT_PRODUCTS_DIR; };
		914123721E42C00C004453F7 /* main.m */ = {isa = PBXFileReference; lastKnownFileType = sourcecode.c.objc; path = main.m; sourceTree = "<group>"; };
		914123791E42C02C004453F7 /* StarDrawing.h */ = {isa = PBXFileReference; fileEncoding = 4; lastKnownFileType = sourcecode.c.h; path = StarDrawing.h; sourceTree = "<group>"; };
		9141237A1E42C02C004453F7 /* StarDrawing.m */ = {isa = PBXFileReference; fileEncoding = 4; lastKnownFileType = sourcecode.c.objc; path = StarDrawing.m; sourceTree = "<group>"; };
/* End PBXFileReference section */

/* Begin PBXFrameworksBuildPhase section */
		9141236C1E42C00B004453F7 /* Frameworks */ = {
			isa = PBXFrameworksBuildPhase;
			buildActionMask = 2147483647;
			files = (
			);
			runOnlyForDeploymentPostprocessing = 0;
		};
/* End PBXFrameworksBuildPhase section */

/* Begin PBXGroup section */
		914123661E42C00B004453F7 = {
			isa = PBXGroup;
			children = (
				914123791E42C02C004453F7 /* StarDrawing.h */,
				9141237A1E42C02C004453F7 /* StarDrawing.m */,
				914123711E42C00C004453F7 /* DrawingStar */,
				914123701E42C00C004453F7 /* Products */,
			);
			sourceTree = "<group>";
		};
		914123701E42C00C004453F7 /* Products */ = {
			isa = PBXGroup;
			children = (
				9141236F1E42C00C004453F7 /* DrawingStar */,
			);
			name = Products;
			sourceTree = "<group>";
		};
		914123711E42C00C004453F7 /* DrawingStar */ = {
			isa = PBXGroup;
			children = (
				914123721E42C00C004453F7 /* main.m */,
			);
			path = DrawingStar;
			sourceTree = "<group>";
		};
/* End PBXGroup section */

/* Begin PBXNativeTarget section */
		9141236E1E42C00B004453F7 /* DrawingStar */ = {
			isa = PBXNativeTarget;
			buildConfigurationList = 914123761E42C00C004453F7 /* Build configuration list for PBXNativeTarget "DrawingStar" */;
			buildPhases = (
				9141236B1E42C00B004453F7 /* Sources */,
				9141236C1E42C00B004453F7 /* Frameworks */,
				9141236D1E42C00B004453F7 /* CopyFiles */,
			);
			buildRules = (
			);
			dependencies = (
			);
			name = DrawingStar;
			productName = DrawingStar;
			productReference = 9141236F1E42C00C004453F7 /* DrawingStar */;
			productType = "com.apple.product-type.tool";
		};
/* End PBXNativeTarget section */

/* Begin PBXProject section */
		914123671E42C00B004453F7 /* Project object */ = {
			isa = PBXProject;
			attributes = {
				LastUpgradeCheck = 0820;
				ORGANIZATIONNAME = Fastcampus;
				TargetAttributes = {
					9141236E1E42C00B004453F7 = {
						CreatedOnToolsVersion = 8.2.1;
						DevelopmentTeam = PDF8XXXYH9;
						ProvisioningStyle = Automatic;
					};
				};
			};
			buildConfigurationList = 9141236A1E42C00B004453F7 /* Build configuration list for PBXProject "DrawingStar" */;
			compatibilityVersion = "Xcode 3.2";
			developmentRegion = English;
			hasScannedForEncodings = 0;
			knownRegions = (
				en,
			);
			mainGroup = 914123661E42C00B004453F7;
			productRefGroup = 914123701E42C00C004453F7 /* Products */;
			projectDirPath = "";
			projectRoot = "";
			targets = (
				9141236E1E42C00B004453F7 /* DrawingStar */,
			);
		};
/* End PBXProject section */

/* Begin PBXSourcesBuildPhase section */
		9141236B1E42C00B004453F7 /* Sources */ = {
			isa = PBXSourcesBuildPhase;
			buildActionMask = 2147483647;
			files = (
				9141237B1E42C02C004453F7 /* StarDrawing.m in Sources */,
				914123731E42C00C004453F7 /* main.m in Sources */,
			);
			runOnlyForDeploymentPostprocessing = 0;
		};
/* End PBXSourcesBuildPhase section */

/* Begin XCBuildConfiguration section */
		914123741E42C00C004453F7 /* Debug */ = {
			isa = XCBuildConfiguration;
			buildSettings = {
				ALWAYS_SEARCH_USER_PATHS = NO;
				CLANG_ANALYZER_NONNULL = YES;
				CLANG_CXX_LANGUAGE_STANDARD = "gnu++0x";
				CLANG_CXX_LIBRARY = "libc++";
				CLANG_ENABLE_MODULES = YES;
				CLANG_ENABLE_OBJC_ARC = YES;
				CLANG_WARN_BOOL_CONVERSION = YES;
				CLANG_WARN_CONSTANT_CONVERSION = YES;
				CLANG_WARN_DIRECT_OBJC_ISA_USAGE = YES_ERROR;
				CLANG_WARN_DOCUMENTATION_COMMENTS = YES;
				CLANG_WARN_EMPTY_BODY = YES;
				CLANG_WARN_ENUM_CONVERSION = YES;
				CLANG_WARN_INFINITE_RECURSION = YES;
				CLANG_WARN_INT_CONVERSION = YES;
				CLANG_WARN_OBJC_ROOT_CLASS = YES_ERROR;
				CLANG_WARN_SUSPICIOUS_MOVE = YES;
				CLANG_WARN_UNREACHABLE_CODE = YES;
				CLANG_WARN__DUPLICATE_METHOD_MATCH = YES;
				CODE_SIGN_IDENTITY = "-";
				COPY_PHASE_STRIP = NO;
				DEBUG_INFORMATION_FORMAT = dwarf;
				ENABLE_STRICT_OBJC_MSGSEND = YES;
				ENABLE_TESTABILITY = YES;
				GCC_C_LANGUAGE_STANDARD = gnu99;
				GCC_DYNAMIC_NO_PIC = NO;
				GCC_NO_COMMON_BLOCKS = YES;
				GCC_OPTIMIZATION_LEVEL = 0;
				GCC_PREPROCESSOR_DEFINITIONS = (
					"DEBUG=1",
					"$(inherited)",
				);
				GCC_WARN_64_TO_32_BIT_CONVERSION = YES;
				GCC_WARN_ABOUT_RETURN_TYPE = YES_ERROR;
				GCC_WARN_UNDECLARED_SELECTOR = YES;
				GCC_WARN_UNINITIALIZED_AUTOS = YES_AGGRESSIVE;
				GCC_WARN_UNUSED_FUNCTION = YES;
				GCC_WARN_UNUSED_VARIABLE = YES;
				MACOSX_DEPLOYMENT_TARGET = 10.12;
				MTL_ENABLE_DEBUG_INFO = YES;
				ONLY_ACTIVE_ARCH = YES;
				SDKROOT = macosx;
			};
			name = Debug;
		};
		914123751E42C00C004453F7 /* Release */ = {
			isa = XCBuildConfiguration;
			buildSettings = {
				ALWAYS_SEARCH_USER_PATHS = NO;
				CLANG_ANALYZER_NONNULL = YES;
				CLANG_CXX_LANGUAGE_STANDARD = "gnu++0x";
				CLANG_CXX_LIBRARY = "libc++";
				CLANG_ENABLE_MODULES = YES;
				CLANG_ENABLE_OBJC_ARC = YES;
				CLANG_WARN_BOOL_CONVERSION = YES;
				CLANG_WARN_CONSTANT_CONVERSION = YES;
				CLANG_WARN_DIRECT_OBJC_ISA_USAGE = YES_ERROR;
				CLANG_WARN_DOCUMENTATION_COMMENTS = YES;
				CLANG_WARN_EMPTY_BODY = YES;
				CLANG_WARN_ENUM_CONVERSION = YES;
				CLANG_WARN_INFINITE_RECURSION = YES;
				CLANG_WARN_INT_CONVERSION = YES;
				CLANG_WARN_OBJC_ROOT_CLASS = YES_ERROR;
				CLANG_WARN_SUSPICIOUS_MOVE = YES;
				CLANG_WARN_UNREACHABLE_CODE = YES;
				CLANG_WARN__DUPLICATE_METHOD_MATCH = YES;
				CODE_SIGN_IDENTITY = "-";
				COPY_PHASE_STRIP = NO;
				DEBUG_INFORMATION_FORMAT = "dwarf-with-dsym";
				ENABLE_NS_ASSERTIONS = NO;
				ENABLE_STRICT_OBJC_MSGSEND = YES;
				GCC_C_LANGUAGE_STANDARD = gnu99;
				GCC_NO_COMMON_BLOCKS = YES;
				GCC_WARN_64_TO_32_BIT_CONVERSION = YES;
				GCC_WARN_ABOUT_RETURN_TYPE = YES_ERROR;
				GCC_WARN_UNDECLARED_SELECTOR = YES;
				GCC_WARN_UNINITIALIZED_AUTOS = YES_AGGRESSIVE;
				GCC_WARN_UNUSED_FUNCTION = YES;
				GCC_WARN_UNUSED_VARIABLE = YES;
				MACOSX_DEPLOYMENT_TARGET = 10.12;
				MTL_ENABLE_DEBUG_INFO = NO;
				SDKROOT = macosx;
			};
			name = Release;
		};
		914123771E42C00C004453F7 /* Debug */ = {
			isa = XCBuildConfiguration;
			buildSettings = {
				DEVELOPMENT_TEAM = PDF8XXXYH9;
				PRODUCT_NAME = "$(TARGET_NAME)";
			};
			name = Debug;
		};
		914123781E42C00C004453F7 /* Release */ = {
			isa = XCBuildConfiguration;
			buildSettings = {
				DEVELOPMENT_TEAM = PDF8XXXYH9;
				PRODUCT_NAME = "$(TARGET_NAME)";
			};
			name = Release;
		};
/* End XCBuildConfiguration section */

/* Begin XCConfigurationList section */
		9141236A1E42C00B004453F7 /* Build configuration list for PBXProject "DrawingStar" */ = {
			isa = XCConfigurationList;
			buildConfigurations = (
				914123741E42C00C004453F7 /* Debug */,
				914123751E42C00C004453F7 /* Release */,
			);
			defaultConfigurationIsVisible = 0;
			defaultConfigurationName = Release;
		};
		914123761E42C00C004453F7 /* Build configuration list for PBXNativeTarget "DrawingStar" */ = {
			isa = XCConfigurationList;
			buildConfigurations = (
				914123771E42C00C004453F7 /* Debug */,
				914123781E42C00C004453F7 /* Release */,
			);
			defaultConfigurationIsVisible = 0;
		};
/* End XCConfigurationList section */
	};
	rootObject = 914123671E42C00B004453F7 /* Project object */;
}
