// !$*UTF8*$!
{
	archiveVersion = 1;
	classes = {
	};
	objectVersion = 46;
	objects = {

/* Begin PBXBuildFile section */
		915118F01E30CC3100EF9383 /* main.m in Sources */ = {isa = PBXBuildFile; fileRef = 915118EF1E30CC3100EF9383 /* main.m */; };
		915118F81E30CC5200EF9383 /* Person.m in Sources */ = {isa = PBXBuildFile; fileRef = 915118F71E30CC5200EF9383 /* Person.m */; };
		915118FB1E30CC7B00EF9383 /* HighSchoolStudent.m in Sources */ = {isa = PBXBuildFile; fileRef = 915118FA1E30CC7B00EF9383 /* HighSchoolStudent.m */; };
		915118FE1E30CC9A00EF9383 /* UniversityStudent.m in Sources */ = {isa = PBXBuildFile; fileRef = 915118FD1E30CC9A00EF9383 /* UniversityStudent.m */; };
/* End PBXBuildFile section */

/* Begin PBXCopyFilesBuildPhase section */
		915118EA1E30CC3100EF9383 /* CopyFiles */ = {
			isa = PBXCopyFilesBuildPhase;
			buildActionMask = 2147483647;
			dstPath = /usr/share/man/man1/;
			dstSubfolderSpec = 0;
			files = (
			);
			runOnlyForDeploymentPostprocessing = 1;
		};
/* End PBXCopyFilesBuildPhase section */

/* Begin PBXFileReference section */
		915118EC1E30CC3100EF9383 /* SubClassingSelfTest_20170119 */ = {isa = PBXFileReference; explicitFileType = "compiled.mach-o.executable"; includeInIndex = 0; path = SubClassingSelfTest_20170119; sourceTree = BUILT_PRODUCTS_DIR; };
		915118EF1E30CC3100EF9383 /* main.m */ = {isa = PBXFileReference; lastKnownFileType = sourcecode.c.objc; path = main.m; sourceTree = "<group>"; };
		915118F61E30CC5200EF9383 /* Person.h */ = {isa = PBXFileReference; fileEncoding = 4; lastKnownFileType = sourcecode.c.h; path = Person.h; sourceTree = "<group>"; };
		915118F71E30CC5200EF9383 /* Person.m */ = {isa = PBXFileReference; fileEncoding = 4; lastKnownFileType = sourcecode.c.objc; path = Person.m; sourceTree = "<group>"; };
		915118F91E30CC7B00EF9383 /* HighSchoolStudent.h */ = {isa = PBXFileReference; fileEncoding = 4; lastKnownFileType = sourcecode.c.h; path = HighSchoolStudent.h; sourceTree = "<group>"; };
		915118FA1E30CC7B00EF9383 /* HighSchoolStudent.m */ = {isa = PBXFileReference; fileEncoding = 4; lastKnownFileType = sourcecode.c.objc; path = HighSchoolStudent.m; sourceTree = "<group>"; };
		915118FC1E30CC9A00EF9383 /* UniversityStudent.h */ = {isa = PBXFileReference; fileEncoding = 4; lastKnownFileType = sourcecode.c.h; path = UniversityStudent.h; sourceTree = "<group>"; };
		915118FD1E30CC9A00EF9383 /* UniversityStudent.m */ = {isa = PBXFileReference; fileEncoding = 4; lastKnownFileType = sourcecode.c.objc; path = UniversityStudent.m; sourceTree = "<group>"; };
/* End PBXFileReference section */

/* Begin PBXFrameworksBuildPhase section */
		915118E91E30CC3100EF9383 /* Frameworks */ = {
			isa = PBXFrameworksBuildPhase;
			buildActionMask = 2147483647;
			files = (
			);
			runOnlyForDeploymentPostprocessing = 0;
		};
/* End PBXFrameworksBuildPhase section */

/* Begin PBXGroup section */
		915118E31E30CC3100EF9383 = {
			isa = PBXGroup;
			children = (
				915118EE1E30CC3100EF9383 /* SubClassingSelfTest_20170119 */,
				915118ED1E30CC3100EF9383 /* Products */,
			);
			sourceTree = "<group>";
		};
		915118ED1E30CC3100EF9383 /* Products */ = {
			isa = PBXGroup;
			children = (
				915118EC1E30CC3100EF9383 /* SubClassingSelfTest_20170119 */,
			);
			name = Products;
			sourceTree = "<group>";
		};
		915118EE1E30CC3100EF9383 /* SubClassingSelfTest_20170119 */ = {
			isa = PBXGroup;
			children = (
				915118F61E30CC5200EF9383 /* Person.h */,
				915118F71E30CC5200EF9383 /* Person.m */,
				915118F91E30CC7B00EF9383 /* HighSchoolStudent.h */,
				915118FA1E30CC7B00EF9383 /* HighSchoolStudent.m */,
				915118FC1E30CC9A00EF9383 /* UniversityStudent.h */,
				915118FD1E30CC9A00EF9383 /* UniversityStudent.m */,
				915118EF1E30CC3100EF9383 /* main.m */,
			);
			path = SubClassingSelfTest_20170119;
			sourceTree = "<group>";
		};
/* End PBXGroup section */

/* Begin PBXNativeTarget section */
		915118EB1E30CC3100EF9383 /* SubClassingSelfTest_20170119 */ = {
			isa = PBXNativeTarget;
			buildConfigurationList = 915118F31E30CC3100EF9383 /* Build configuration list for PBXNativeTarget "SubClassingSelfTest_20170119" */;
			buildPhases = (
				915118E81E30CC3100EF9383 /* Sources */,
				915118E91E30CC3100EF9383 /* Frameworks */,
				915118EA1E30CC3100EF9383 /* CopyFiles */,
			);
			buildRules = (
			);
			dependencies = (
			);
			name = SubClassingSelfTest_20170119;
			productName = SubClassingSelfTest_20170119;
			productReference = 915118EC1E30CC3100EF9383 /* SubClassingSelfTest_20170119 */;
			productType = "com.apple.product-type.tool";
		};
/* End PBXNativeTarget section */

/* Begin PBXProject section */
		915118E41E30CC3100EF9383 /* Project object */ = {
			isa = PBXProject;
			attributes = {
				LastUpgradeCheck = 0820;
				ORGANIZATIONNAME = Fastcampus;
				TargetAttributes = {
					915118EB1E30CC3100EF9383 = {
						CreatedOnToolsVersion = 8.2.1;
						DevelopmentTeam = PDF8XXXYH9;
						ProvisioningStyle = Automatic;
					};
				};
			};
			buildConfigurationList = 915118E71E30CC3100EF9383 /* Build configuration list for PBXProject "SubClassingSelfTest_20170119" */;
			compatibilityVersion = "Xcode 3.2";
			developmentRegion = English;
			hasScannedForEncodings = 0;
			knownRegions = (
				en,
			);
			mainGroup = 915118E31E30CC3100EF9383;
			productRefGroup = 915118ED1E30CC3100EF9383 /* Products */;
			projectDirPath = "";
			projectRoot = "";
			targets = (
				915118EB1E30CC3100EF9383 /* SubClassingSelfTest_20170119 */,
			);
		};
/* End PBXProject section */

/* Begin PBXSourcesBuildPhase section */
		915118E81E30CC3100EF9383 /* Sources */ = {
			isa = PBXSourcesBuildPhase;
			buildActionMask = 2147483647;
			files = (
				915118F81E30CC5200EF9383 /* Person.m in Sources */,
				915118F01E30CC3100EF9383 /* main.m in Sources */,
				915118FB1E30CC7B00EF9383 /* HighSchoolStudent.m in Sources */,
				915118FE1E30CC9A00EF9383 /* UniversityStudent.m in Sources */,
			);
			runOnlyForDeploymentPostprocessing = 0;
		};
/* End PBXSourcesBuildPhase section */

/* Begin XCBuildConfiguration section */
		915118F11E30CC3100EF9383 /* Debug */ = {
			isa = XCBuildConfiguration;
			buildSettings = {
				ALWAYS_SEARCH_USER_PATHS = NO;
				CLANG_ANALYZER_NONNULL = YES;
				CLANG_CXX_LANGUAGE_STANDARD = "gnu++0x";
				CLANG_CXX_LIBRARY = "libc++";
				CLANG_ENABLE_MODULES = YES;
				CLANG_ENABLE_OBJC_ARC = YES;
				CLANG_WARN_BOOL_CONVERSION = YES;
				CLANG_WARN_CONSTANT_CONVERSION = YES;
				CLANG_WARN_DIRECT_OBJC_ISA_USAGE = YES_ERROR;
				CLANG_WARN_DOCUMENTATION_COMMENTS = YES;
				CLANG_WARN_EMPTY_BODY = YES;
				CLANG_WARN_ENUM_CONVERSION = YES;
				CLANG_WARN_INFINITE_RECURSION = YES;
				CLANG_WARN_INT_CONVERSION = YES;
				CLANG_WARN_OBJC_ROOT_CLASS = YES_ERROR;
				CLANG_WARN_SUSPICIOUS_MOVE = YES;
				CLANG_WARN_UNREACHABLE_CODE = YES;
				CLANG_WARN__DUPLICATE_METHOD_MATCH = YES;
				CODE_SIGN_IDENTITY = "-";
				COPY_PHASE_STRIP = NO;
				DEBUG_INFORMATION_FORMAT = dwarf;
				ENABLE_STRICT_OBJC_MSGSEND = YES;
				ENABLE_TESTABILITY = YES;
				GCC_C_LANGUAGE_STANDARD = gnu99;
				GCC_DYNAMIC_NO_PIC = NO;
				GCC_NO_COMMON_BLOCKS = YES;
				GCC_OPTIMIZATION_LEVEL = 0;
				GCC_PREPROCESSOR_DEFINITIONS = (
					"DEBUG=1",
					"$(inherited)",
				);
				GCC_WARN_64_TO_32_BIT_CONVERSION = YES;
				GCC_WARN_ABOUT_RETURN_TYPE = YES_ERROR;
				GCC_WARN_UNDECLARED_SELECTOR = YES;
				GCC_WARN_UNINITIALIZED_AUTOS = YES_AGGRESSIVE;
				GCC_WARN_UNUSED_FUNCTION = YES;
				GCC_WARN_UNUSED_VARIABLE = YES;
				MACOSX_DEPLOYMENT_TARGET = 10.12;
				MTL_ENABLE_DEBUG_INFO = YES;
				ONLY_ACTIVE_ARCH = YES;
				SDKROOT = macosx;
			};
			name = Debug;
		};
		915118F21E30CC3100EF9383 /* Release */ = {
			isa = XCBuildConfiguration;
			buildSettings = {
				ALWAYS_SEARCH_USER_PATHS = NO;
				CLANG_ANALYZER_NONNULL = YES;
				CLANG_CXX_LANGUAGE_STANDARD = "gnu++0x";
				CLANG_CXX_LIBRARY = "libc++";
				CLANG_ENABLE_MODULES = YES;
				CLANG_ENABLE_OBJC_ARC = YES;
				CLANG_WARN_BOOL_CONVERSION = YES;
				CLANG_WARN_CONSTANT_CONVERSION = YES;
				CLANG_WARN_DIRECT_OBJC_ISA_USAGE = YES_ERROR;
				CLANG_WARN_DOCUMENTATION_COMMENTS = YES;
				CLANG_WARN_EMPTY_BODY = YES;
				CLANG_WARN_ENUM_CONVERSION = YES;
				CLANG_WARN_INFINITE_RECURSION = YES;
				CLANG_WARN_INT_CONVERSION = YES;
				CLANG_WARN_OBJC_ROOT_CLASS = YES_ERROR;
				CLANG_WARN_SUSPICIOUS_MOVE = YES;
				CLANG_WARN_UNREACHABLE_CODE = YES;
				CLANG_WARN__DUPLICATE_METHOD_MATCH = YES;
				CODE_SIGN_IDENTITY = "-";
				COPY_PHASE_STRIP = NO;
				DEBUG_INFORMATION_FORMAT = "dwarf-with-dsym";
				ENABLE_NS_ASSERTIONS = NO;
				ENABLE_STRICT_OBJC_MSGSEND = YES;
				GCC_C_LANGUAGE_STANDARD = gnu99;
				GCC_NO_COMMON_BLOCKS = YES;
				GCC_WARN_64_TO_32_BIT_CONVERSION = YES;
				GCC_WARN_ABOUT_RETURN_TYPE = YES_ERROR;
				GCC_WARN_UNDECLARED_SELECTOR = YES;
				GCC_WARN_UNINITIALIZED_AUTOS = YES_AGGRESSIVE;
				GCC_WARN_UNUSED_FUNCTION = YES;
				GCC_WARN_UNUSED_VARIABLE = YES;
				MACOSX_DEPLOYMENT_TARGET = 10.12;
				MTL_ENABLE_DEBUG_INFO = NO;
				SDKROOT = macosx;
			};
			name = Release;
		};
		915118F41E30CC3100EF9383 /* Debug */ = {
			isa = XCBuildConfiguration;
			buildSettings = {
				DEVELOPMENT_TEAM = PDF8XXXYH9;
				PRODUCT_NAME = "$(TARGET_NAME)";
			};
			name = Debug;
		};
		915118F51E30CC3100EF9383 /* Release */ = {
			isa = XCBuildConfiguration;
			buildSettings = {
				DEVELOPMENT_TEAM = PDF8XXXYH9;
				PRODUCT_NAME = "$(TARGET_NAME)";
			};
			name = Release;
		};
/* End XCBuildConfiguration section */

/* Begin XCConfigurationList section */
		915118E71E30CC3100EF9383 /* Build configuration list for PBXProject "SubClassingSelfTest_20170119" */ = {
			isa = XCConfigurationList;
			buildConfigurations = (
				915118F11E30CC3100EF9383 /* Debug */,
				915118F21E30CC3100EF9383 /* Release */,
			);
			defaultConfigurationIsVisible = 0;
			defaultConfigurationName = Release;
		};
		915118F31E30CC3100EF9383 /* Build configuration list for PBXNativeTarget "SubClassingSelfTest_20170119" */ = {
			isa = XCConfigurationList;
			buildConfigurations = (
				915118F41E30CC3100EF9383 /* Debug */,
				915118F51E30CC3100EF9383 /* Release */,
			);
			defaultConfigurationIsVisible = 0;
		};
/* End XCConfigurationList section */
	};
	rootObject = 915118E41E30CC3100EF9383 /* Project object */;
}
