// !$*UTF8*$!
{
	archiveVersion = 1;
	classes = {
	};
	objectVersion = 46;
	objects = {

/* Begin PBXBuildFile section */
		9158A3E51E41932F00D350DD /* main.m in Sources */ = {isa = PBXBuildFile; fileRef = 9158A3E41E41932F00D350DD /* main.m */; };
		9158A3ED1E41934300D350DD /* gugudan.m in Sources */ = {isa = PBXBuildFile; fileRef = 9158A3EC1E41934300D350DD /* gugudan.m */; };
		9158A3F01E41AADA00D350DD /* FindingMultipleNumber.m in Sources */ = {isa = PBXBuildFile; fileRef = 9158A3EF1E41AADA00D350DD /* FindingMultipleNumber.m */; };
/* End PBXBuildFile section */

/* Begin PBXCopyFilesBuildPhase section */
		9158A3DF1E41932F00D350DD /* CopyFiles */ = {
			isa = PBXCopyFilesBuildPhase;
			buildActionMask = 2147483647;
			dstPath = /usr/share/man/man1/;
			dstSubfolderSpec = 0;
			files = (
			);
			runOnlyForDeploymentPostprocessing = 1;
		};
/* End PBXCopyFilesBuildPhase section */

/* Begin PBXFileReference section */
		9158A3E11E41932F00D350DD /* MultiflicationFormula */ = {isa = PBXFileReference; explicitFileType = "compiled.mach-o.executable"; includeInIndex = 0; path = MultiflicationFormula; sourceTree = BUILT_PRODUCTS_DIR; };
		9158A3E41E41932F00D350DD /* main.m */ = {isa = PBXFileReference; lastKnownFileType = sourcecode.c.objc; path = main.m; sourceTree = "<group>"; };
		9158A3EB1E41934300D350DD /* gugudan.h */ = {isa = PBXFileReference; fileEncoding = 4; lastKnownFileType = sourcecode.c.h; name = gugudan.h; path = ../gugudan.h; sourceTree = "<group>"; };
		9158A3EC1E41934300D350DD /* gugudan.m */ = {isa = PBXFileReference; fileEncoding = 4; lastKnownFileType = sourcecode.c.objc; name = gugudan.m; path = ../gugudan.m; sourceTree = "<group>"; };
		9158A3EE1E41AADA00D350DD /* FindingMultipleNumber.h */ = {isa = PBXFileReference; fileEncoding = 4; lastKnownFileType = sourcecode.c.h; path = FindingMultipleNumber.h; sourceTree = "<group>"; };
		9158A3EF1E41AADA00D350DD /* FindingMultipleNumber.m */ = {isa = PBXFileReference; fileEncoding = 4; lastKnownFileType = sourcecode.c.objc; path = FindingMultipleNumber.m; sourceTree = "<group>"; };
/* End PBXFileReference section */

/* Begin PBXFrameworksBuildPhase section */
		9158A3DE1E41932F00D350DD /* Frameworks */ = {
			isa = PBXFrameworksBuildPhase;
			buildActionMask = 2147483647;
			files = (
			);
			runOnlyForDeploymentPostprocessing = 0;
		};
/* End PBXFrameworksBuildPhase section */

/* Begin PBXGroup section */
		9158A3D81E41932F00D350DD = {
			isa = PBXGroup;
			children = (
				9158A3E31E41932F00D350DD /* MultiflicationFormula */,
				9158A3E21E41932F00D350DD /* Products */,
			);
			sourceTree = "<group>";
		};
		9158A3E21E41932F00D350DD /* Products */ = {
			isa = PBXGroup;
			children = (
				9158A3E11E41932F00D350DD /* MultiflicationFormula */,
			);
			name = Products;
			sourceTree = "<group>";
		};
		9158A3E31E41932F00D350DD /* MultiflicationFormula */ = {
			isa = PBXGroup;
			children = (
				9158A3EB1E41934300D350DD /* gugudan.h */,
				9158A3EC1E41934300D350DD /* gugudan.m */,
				9158A3EE1E41AADA00D350DD /* FindingMultipleNumber.h */,
				9158A3EF1E41AADA00D350DD /* FindingMultipleNumber.m */,
				9158A3E41E41932F00D350DD /* main.m */,
			);
			path = MultiflicationFormula;
			sourceTree = "<group>";
		};
/* End PBXGroup section */

/* Begin PBXNativeTarget section */
		9158A3E01E41932F00D350DD /* MultiflicationFormula */ = {
			isa = PBXNativeTarget;
			buildConfigurationList = 9158A3E81E41932F00D350DD /* Build configuration list for PBXNativeTarget "MultiflicationFormula" */;
			buildPhases = (
				9158A3DD1E41932F00D350DD /* Sources */,
				9158A3DE1E41932F00D350DD /* Frameworks */,
				9158A3DF1E41932F00D350DD /* CopyFiles */,
			);
			buildRules = (
			);
			dependencies = (
			);
			name = MultiflicationFormula;
			productName = MultiflicationFormula;
			productReference = 9158A3E11E41932F00D350DD /* MultiflicationFormula */;
			productType = "com.apple.product-type.tool";
		};
/* End PBXNativeTarget section */

/* Begin PBXProject section */
		9158A3D91E41932F00D350DD /* Project object */ = {
			isa = PBXProject;
			attributes = {
				LastUpgradeCheck = 0820;
				ORGANIZATIONNAME = Fastcampus;
				TargetAttributes = {
					9158A3E01E41932F00D350DD = {
						CreatedOnToolsVersion = 8.2.1;
						DevelopmentTeam = PDF8XXXYH9;
						ProvisioningStyle = Automatic;
					};
				};
			};
			buildConfigurationList = 9158A3DC1E41932F00D350DD /* Build configuration list for PBXProject "MultiflicationFormula" */;
			compatibilityVersion = "Xcode 3.2";
			developmentRegion = English;
			hasScannedForEncodings = 0;
			knownRegions = (
				en,
			);
			mainGroup = 9158A3D81E41932F00D350DD;
			productRefGroup = 9158A3E21E41932F00D350DD /* Products */;
			projectDirPath = "";
			projectRoot = "";
			targets = (
				9158A3E01E41932F00D350DD /* MultiflicationFormula */,
			);
		};
/* End PBXProject section */

/* Begin PBXSourcesBuildPhase section */
		9158A3DD1E41932F00D350DD /* Sources */ = {
			isa = PBXSourcesBuildPhase;
			buildActionMask = 2147483647;
			files = (
				9158A3E51E41932F00D350DD /* main.m in Sources */,
				9158A3F01E41AADA00D350DD /* FindingMultipleNumber.m in Sources */,
				9158A3ED1E41934300D350DD /* gugudan.m in Sources */,
			);
			runOnlyForDeploymentPostprocessing = 0;
		};
/* End PBXSourcesBuildPhase section */

/* Begin XCBuildConfiguration section */
		9158A3E61E41932F00D350DD /* Debug */ = {
			isa = XCBuildConfiguration;
			buildSettings = {
				ALWAYS_SEARCH_USER_PATHS = NO;
				CLANG_ANALYZER_NONNULL = YES;
				CLANG_CXX_LANGUAGE_STANDARD = "gnu++0x";
				CLANG_CXX_LIBRARY = "libc++";
				CLANG_ENABLE_MODULES = YES;
				CLANG_ENABLE_OBJC_ARC = YES;
				CLANG_WARN_BOOL_CONVERSION = YES;
				CLANG_WARN_CONSTANT_CONVERSION = YES;
				CLANG_WARN_DIRECT_OBJC_ISA_USAGE = YES_ERROR;
				CLANG_WARN_DOCUMENTATION_COMMENTS = YES;
				CLANG_WARN_EMPTY_BODY = YES;
				CLANG_WARN_ENUM_CONVERSION = YES;
				CLANG_WARN_INFINITE_RECURSION = YES;
				CLANG_WARN_INT_CONVERSION = YES;
				CLANG_WARN_OBJC_ROOT_CLASS = YES_ERROR;
				CLANG_WARN_SUSPICIOUS_MOVE = YES;
				CLANG_WARN_UNREACHABLE_CODE = YES;
				CLANG_WARN__DUPLICATE_METHOD_MATCH = YES;
				CODE_SIGN_IDENTITY = "-";
				COPY_PHASE_STRIP = NO;
				DEBUG_INFORMATION_FORMAT = dwarf;
				ENABLE_STRICT_OBJC_MSGSEND = YES;
				ENABLE_TESTABILITY = YES;
				GCC_C_LANGUAGE_STANDARD = gnu99;
				GCC_DYNAMIC_NO_PIC = NO;
				GCC_NO_COMMON_BLOCKS = YES;
				GCC_OPTIMIZATION_LEVEL = 0;
				GCC_PREPROCESSOR_DEFINITIONS = (
					"DEBUG=1",
					"$(inherited)",
				);
				GCC_WARN_64_TO_32_BIT_CONVERSION = YES;
				GCC_WARN_ABOUT_RETURN_TYPE = YES_ERROR;
				GCC_WARN_UNDECLARED_SELECTOR = YES;
				GCC_WARN_UNINITIALIZED_AUTOS = YES_AGGRESSIVE;
				GCC_WARN_UNUSED_FUNCTION = YES;
				GCC_WARN_UNUSED_VARIABLE = YES;
				MACOSX_DEPLOYMENT_TARGET = 10.12;
				MTL_ENABLE_DEBUG_INFO = YES;
				ONLY_ACTIVE_ARCH = YES;
				SDKROOT = macosx;
			};
			name = Debug;
		};
		9158A3E71E41932F00D350DD /* Release */ = {
			isa = XCBuildConfiguration;
			buildSettings = {
				ALWAYS_SEARCH_USER_PATHS = NO;
				CLANG_ANALYZER_NONNULL = YES;
				CLANG_CXX_LANGUAGE_STANDARD = "gnu++0x";
				CLANG_CXX_LIBRARY = "libc++";
				CLANG_ENABLE_MODULES = YES;
				CLANG_ENABLE_OBJC_ARC = YES;
				CLANG_WARN_BOOL_CONVERSION = YES;
				CLANG_WARN_CONSTANT_CONVERSION = YES;
				CLANG_WARN_DIRECT_OBJC_ISA_USAGE = YES_ERROR;
				CLANG_WARN_DOCUMENTATION_COMMENTS = YES;
				CLANG_WARN_EMPTY_BODY = YES;
				CLANG_WARN_ENUM_CONVERSION = YES;
				CLANG_WARN_INFINITE_RECURSION = YES;
				CLANG_WARN_INT_CONVERSION = YES;
				CLANG_WARN_OBJC_ROOT_CLASS = YES_ERROR;
				CLANG_WARN_SUSPICIOUS_MOVE = YES;
				CLANG_WARN_UNREACHABLE_CODE = YES;
				CLANG_WARN__DUPLICATE_METHOD_MATCH = YES;
				CODE_SIGN_IDENTITY = "-";
				COPY_PHASE_STRIP = NO;
				DEBUG_INFORMATION_FORMAT = "dwarf-with-dsym";
				ENABLE_NS_ASSERTIONS = NO;
				ENABLE_STRICT_OBJC_MSGSEND = YES;
				GCC_C_LANGUAGE_STANDARD = gnu99;
				GCC_NO_COMMON_BLOCKS = YES;
				GCC_WARN_64_TO_32_BIT_CONVERSION = YES;
				GCC_WARN_ABOUT_RETURN_TYPE = YES_ERROR;
				GCC_WARN_UNDECLARED_SELECTOR = YES;
				GCC_WARN_UNINITIALIZED_AUTOS = YES_AGGRESSIVE;
				GCC_WARN_UNUSED_FUNCTION = YES;
				GCC_WARN_UNUSED_VARIABLE = YES;
				MACOSX_DEPLOYMENT_TARGET = 10.12;
				MTL_ENABLE_DEBUG_INFO = NO;
				SDKROOT = macosx;
			};
			name = Release;
		};
		9158A3E91E41932F00D350DD /* Debug */ = {
			isa = XCBuildConfiguration;
			buildSettings = {
				DEVELOPMENT_TEAM = PDF8XXXYH9;
				PRODUCT_NAME = "$(TARGET_NAME)";
			};
			name = Debug;
		};
		9158A3EA1E41932F00D350DD /* Release */ = {
			isa = XCBuildConfiguration;
			buildSettings = {
				DEVELOPMENT_TEAM = PDF8XXXYH9;
				PRODUCT_NAME = "$(TARGET_NAME)";
			};
			name = Release;
		};
/* End XCBuildConfiguration section */

/* Begin XCConfigurationList section */
		9158A3DC1E41932F00D350DD /* Build configuration list for PBXProject "MultiflicationFormula" */ = {
			isa = XCConfigurationList;
			buildConfigurations = (
				9158A3E61E41932F00D350DD /* Debug */,
				9158A3E71E41932F00D350DD /* Release */,
			);
			defaultConfigurationIsVisible = 0;
			defaultConfigurationName = Release;
		};
		9158A3E81E41932F00D350DD /* Build configuration list for PBXNativeTarget "MultiflicationFormula" */ = {
			isa = XCConfigurationList;
			buildConfigurations = (
				9158A3E91E41932F00D350DD /* Debug */,
				9158A3EA1E41932F00D350DD /* Release */,
			);
			defaultConfigurationIsVisible = 0;
		};
/* End XCConfigurationList section */
	};
	rootObject = 9158A3D91E41932F00D350DD /* Project object */;
}
