// !$*UTF8*$!
{
	archiveVersion = 1;
	classes = {
	};
	objectVersion = 46;
	objects = {

/* Begin PBXBuildFile section */
		91617F9D1E2DB2DE00B9FDAE /* main.m in Sources */ = {isa = PBXBuildFile; fileRef = 91617F9C1E2DB2DE00B9FDAE /* main.m */; };
		91617FA51E2DB49B00B9FDAE /* Person.m in Sources */ = {isa = PBXBuildFile; fileRef = 91617FA41E2DB49B00B9FDAE /* Person.m */; };
/* End PBXBuildFile section */

/* Begin PBXCopyFilesBuildPhase section */
		91617F971E2DB2DD00B9FDAE /* CopyFiles */ = {
			isa = PBXCopyFilesBuildPhase;
			buildActionMask = 2147483647;
			dstPath = /usr/share/man/man1/;
			dstSubfolderSpec = 0;
			files = (
			);
			runOnlyForDeploymentPostprocessing = 1;
		};
/* End PBXCopyFilesBuildPhase section */

/* Begin PBXFileReference section */
		91617F991E2DB2DE00B9FDAE /* ConsoleTest */ = {isa = PBXFileReference; explicitFileType = "compiled.mach-o.executable"; includeInIndex = 0; path = ConsoleTest; sourceTree = BUILT_PRODUCTS_DIR; };
		91617F9C1E2DB2DE00B9FDAE /* main.m */ = {isa = PBXFileReference; lastKnownFileType = sourcecode.c.objc; path = main.m; sourceTree = "<group>"; };
		91617FA31E2DB49B00B9FDAE /* Person.h */ = {isa = PBXFileReference; fileEncoding = 4; lastKnownFileType = sourcecode.c.h; path = Person.h; sourceTree = "<group>"; };
		91617FA41E2DB49B00B9FDAE /* Person.m */ = {isa = PBXFileReference; fileEncoding = 4; lastKnownFileType = sourcecode.c.objc; path = Person.m; sourceTree = "<group>"; };
/* End PBXFileReference section */

/* Begin PBXFrameworksBuildPhase section */
		91617F961E2DB2DD00B9FDAE /* Frameworks */ = {
			isa = PBXFrameworksBuildPhase;
			buildActionMask = 2147483647;
			files = (
			);
			runOnlyForDeploymentPostprocessing = 0;
		};
/* End PBXFrameworksBuildPhase section */

/* Begin PBXGroup section */
		91617F901E2DB2DD00B9FDAE = {
			isa = PBXGroup;
			children = (
				91617FA31E2DB49B00B9FDAE /* Person.h */,
				91617FA41E2DB49B00B9FDAE /* Person.m */,
				91617F9B1E2DB2DE00B9FDAE /* ConsoleTest */,
				91617F9A1E2DB2DE00B9FDAE /* Products */,
			);
			sourceTree = "<group>";
		};
		91617F9A1E2DB2DE00B9FDAE /* Products */ = {
			isa = PBXGroup;
			children = (
				91617F991E2DB2DE00B9FDAE /* ConsoleTest */,
			);
			name = Products;
			sourceTree = "<group>";
		};
		91617F9B1E2DB2DE00B9FDAE /* ConsoleTest */ = {
			isa = PBXGroup;
			children = (
				91617F9C1E2DB2DE00B9FDAE /* main.m */,
			);
			path = ConsoleTest;
			sourceTree = "<group>";
		};
/* End PBXGroup section */

/* Begin PBXNativeTarget section */
		91617F981E2DB2DD00B9FDAE /* ConsoleTest */ = {
			isa = PBXNativeTarget;
			buildConfigurationList = 91617FA01E2DB2DE00B9FDAE /* Build configuration list for PBXNativeTarget "ConsoleTest" */;
			buildPhases = (
				91617F951E2DB2DD00B9FDAE /* Sources */,
				91617F961E2DB2DD00B9FDAE /* Frameworks */,
				91617F971E2DB2DD00B9FDAE /* CopyFiles */,
			);
			buildRules = (
			);
			dependencies = (
			);
			name = ConsoleTest;
			productName = ConsoleTest;
			productReference = 91617F991E2DB2DE00B9FDAE /* ConsoleTest */;
			productType = "com.apple.product-type.tool";
		};
/* End PBXNativeTarget section */

/* Begin PBXProject section */
		91617F911E2DB2DD00B9FDAE /* Project object */ = {
			isa = PBXProject;
			attributes = {
				LastUpgradeCheck = 0820;
				ORGANIZATIONNAME = Fastcampus;
				TargetAttributes = {
					91617F981E2DB2DD00B9FDAE = {
						CreatedOnToolsVersion = 8.2.1;
						DevelopmentTeam = PDF8XXXYH9;
						ProvisioningStyle = Automatic;
					};
				};
			};
			buildConfigurationList = 91617F941E2DB2DD00B9FDAE /* Build configuration list for PBXProject "ConsoleTest" */;
			compatibilityVersion = "Xcode 3.2";
			developmentRegion = English;
			hasScannedForEncodings = 0;
			knownRegions = (
				en,
			);
			mainGroup = 91617F901E2DB2DD00B9FDAE;
			productRefGroup = 91617F9A1E2DB2DE00B9FDAE /* Products */;
			projectDirPath = "";
			projectRoot = "";
			targets = (
				91617F981E2DB2DD00B9FDAE /* ConsoleTest */,
			);
		};
/* End PBXProject section */

/* Begin PBXSourcesBuildPhase section */
		91617F951E2DB2DD00B9FDAE /* Sources */ = {
			isa = PBXSourcesBuildPhase;
			buildActionMask = 2147483647;
			files = (
				91617FA51E2DB49B00B9FDAE /* Person.m in Sources */,
				91617F9D1E2DB2DE00B9FDAE /* main.m in Sources */,
			);
			runOnlyForDeploymentPostprocessing = 0;
		};
/* End PBXSourcesBuildPhase section */

/* Begin XCBuildConfiguration section */
		91617F9E1E2DB2DE00B9FDAE /* Debug */ = {
			isa = XCBuildConfiguration;
			buildSettings = {
				ALWAYS_SEARCH_USER_PATHS = NO;
				CLANG_ANALYZER_NONNULL = YES;
				CLANG_CXX_LANGUAGE_STANDARD = "gnu++0x";
				CLANG_CXX_LIBRARY = "libc++";
				CLANG_ENABLE_MODULES = YES;
				CLANG_ENABLE_OBJC_ARC = YES;
				CLANG_WARN_BOOL_CONVERSION = YES;
				CLANG_WARN_CONSTANT_CONVERSION = YES;
				CLANG_WARN_DIRECT_OBJC_ISA_USAGE = YES_ERROR;
				CLANG_WARN_DOCUMENTATION_COMMENTS = YES;
				CLANG_WARN_EMPTY_BODY = YES;
				CLANG_WARN_ENUM_CONVERSION = YES;
				CLANG_WARN_INFINITE_RECURSION = YES;
				CLANG_WARN_INT_CONVERSION = YES;
				CLANG_WARN_OBJC_ROOT_CLASS = YES_ERROR;
				CLANG_WARN_SUSPICIOUS_MOVE = YES;
				CLANG_WARN_UNREACHABLE_CODE = YES;
				CLANG_WARN__DUPLICATE_METHOD_MATCH = YES;
				CODE_SIGN_IDENTITY = "-";
				COPY_PHASE_STRIP = NO;
				DEBUG_INFORMATION_FORMAT = dwarf;
				ENABLE_STRICT_OBJC_MSGSEND = YES;
				ENABLE_TESTABILITY = YES;
				GCC_C_LANGUAGE_STANDARD = gnu99;
				GCC_DYNAMIC_NO_PIC = NO;
				GCC_NO_COMMON_BLOCKS = YES;
				GCC_OPTIMIZATION_LEVEL = 0;
				GCC_PREPROCESSOR_DEFINITIONS = (
					"DEBUG=1",
					"$(inherited)",
				);
				GCC_WARN_64_TO_32_BIT_CONVERSION = YES;
				GCC_WARN_ABOUT_RETURN_TYPE = YES_ERROR;
				GCC_WARN_UNDECLARED_SELECTOR = YES;
				GCC_WARN_UNINITIALIZED_AUTOS = YES_AGGRESSIVE;
				GCC_WARN_UNUSED_FUNCTION = YES;
				GCC_WARN_UNUSED_VARIABLE = YES;
				MACOSX_DEPLOYMENT_TARGET = 10.12;
				MTL_ENABLE_DEBUG_INFO = YES;
				ONLY_ACTIVE_ARCH = YES;
				SDKROOT = macosx;
			};
			name = Debug;
		};
		91617F9F1E2DB2DE00B9FDAE /* Release */ = {
			isa = XCBuildConfiguration;
			buildSettings = {
				ALWAYS_SEARCH_USER_PATHS = NO;
				CLANG_ANALYZER_NONNULL = YES;
				CLANG_CXX_LANGUAGE_STANDARD = "gnu++0x";
				CLANG_CXX_LIBRARY = "libc++";
				CLANG_ENABLE_MODULES = YES;
				CLANG_ENABLE_OBJC_ARC = YES;
				CLANG_WARN_BOOL_CONVERSION = YES;
				CLANG_WARN_CONSTANT_CONVERSION = YES;
				CLANG_WARN_DIRECT_OBJC_ISA_USAGE = YES_ERROR;
				CLANG_WARN_DOCUMENTATION_COMMENTS = YES;
				CLANG_WARN_EMPTY_BODY = YES;
				CLANG_WARN_ENUM_CONVERSION = YES;
				CLANG_WARN_INFINITE_RECURSION = YES;
				CLANG_WARN_INT_CONVERSION = YES;
				CLANG_WARN_OBJC_ROOT_CLASS = YES_ERROR;
				CLANG_WARN_SUSPICIOUS_MOVE = YES;
				CLANG_WARN_UNREACHABLE_CODE = YES;
				CLANG_WARN__DUPLICATE_METHOD_MATCH = YES;
				CODE_SIGN_IDENTITY = "-";
				COPY_PHASE_STRIP = NO;
				DEBUG_INFORMATION_FORMAT = "dwarf-with-dsym";
				ENABLE_NS_ASSERTIONS = NO;
				ENABLE_STRICT_OBJC_MSGSEND = YES;
				GCC_C_LANGUAGE_STANDARD = gnu99;
				GCC_NO_COMMON_BLOCKS = YES;
				GCC_WARN_64_TO_32_BIT_CONVERSION = YES;
				GCC_WARN_ABOUT_RETURN_TYPE = YES_ERROR;
				GCC_WARN_UNDECLARED_SELECTOR = YES;
				GCC_WARN_UNINITIALIZED_AUTOS = YES_AGGRESSIVE;
				GCC_WARN_UNUSED_FUNCTION = YES;
				GCC_WARN_UNUSED_VARIABLE = YES;
				MACOSX_DEPLOYMENT_TARGET = 10.12;
				MTL_ENABLE_DEBUG_INFO = NO;
				SDKROOT = macosx;
			};
			name = Release;
		};
		91617FA11E2DB2DE00B9FDAE /* Debug */ = {
			isa = XCBuildConfiguration;
			buildSettings = {
				DEVELOPMENT_TEAM = PDF8XXXYH9;
				PRODUCT_NAME = "$(TARGET_NAME)";
			};
			name = Debug;
		};
		91617FA21E2DB2DE00B9FDAE /* Release */ = {
			isa = XCBuildConfiguration;
			buildSettings = {
				DEVELOPMENT_TEAM = PDF8XXXYH9;
				PRODUCT_NAME = "$(TARGET_NAME)";
			};
			name = Release;
		};
/* End XCBuildConfiguration section */

/* Begin XCConfigurationList section */
		91617F941E2DB2DD00B9FDAE /* Build configuration list for PBXProject "ConsoleTest" */ = {
			isa = XCConfigurationList;
			buildConfigurations = (
				91617F9E1E2DB2DE00B9FDAE /* Debug */,
				91617F9F1E2DB2DE00B9FDAE /* Release */,
			);
			defaultConfigurationIsVisible = 0;
			defaultConfigurationName = Release;
		};
		91617FA01E2DB2DE00B9FDAE /* Build configuration list for PBXNativeTarget "ConsoleTest" */ = {
			isa = XCConfigurationList;
			buildConfigurations = (
				91617FA11E2DB2DE00B9FDAE /* Debug */,
				91617FA21E2DB2DE00B9FDAE /* Release */,
			);
			defaultConfigurationIsVisible = 0;
		};
/* End XCConfigurationList section */
	};
	rootObject = 91617F911E2DB2DD00B9FDAE /* Project object */;
}
