// !$*UTF8*$!
{
	archiveVersion = 1;
	classes = {
	};
	objectVersion = 46;
	objects = {

/* Begin PBXBuildFile section */
		91C8CEAC1E553CD700712A79 /* main.m in Sources */ = {isa = PBXBuildFile; fileRef = 91C8CEAB1E553CD700712A79 /* main.m */; };
		91C8CEB41E553D1A00712A79 /* KolatzAssumption.m in Sources */ = {isa = PBXBuildFile; fileRef = 91C8CEB31E553D1A00712A79 /* KolatzAssumption.m */; };
/* End PBXBuildFile section */

/* Begin PBXCopyFilesBuildPhase section */
		91C8CEA61E553CD600712A79 /* CopyFiles */ = {
			isa = PBXCopyFilesBuildPhase;
			buildActionMask = 2147483647;
			dstPath = /usr/share/man/man1/;
			dstSubfolderSpec = 0;
			files = (
			);
			runOnlyForDeploymentPostprocessing = 1;
		};
/* End PBXCopyFilesBuildPhase section */

/* Begin PBXFileReference section */
		91C8CEA81E553CD700712A79 /* KolatzAssumption */ = {isa = PBXFileReference; explicitFileType = "compiled.mach-o.executable"; includeInIndex = 0; path = KolatzAssumption; sourceTree = BUILT_PRODUCTS_DIR; };
		91C8CEAB1E553CD700712A79 /* main.m */ = {isa = PBXFileReference; lastKnownFileType = sourcecode.c.objc; path = main.m; sourceTree = "<group>"; };
		91C8CEB21E553D1A00712A79 /* KolatzAssumption.h */ = {isa = PBXFileReference; fileEncoding = 4; lastKnownFileType = sourcecode.c.h; path = KolatzAssumption.h; sourceTree = "<group>"; };
		91C8CEB31E553D1A00712A79 /* KolatzAssumption.m */ = {isa = PBXFileReference; fileEncoding = 4; lastKnownFileType = sourcecode.c.objc; path = KolatzAssumption.m; sourceTree = "<group>"; };
/* End PBXFileReference section */

/* Begin PBXFrameworksBuildPhase section */
		91C8CEA51E553CD600712A79 /* Frameworks */ = {
			isa = PBXFrameworksBuildPhase;
			buildActionMask = 2147483647;
			files = (
			);
			runOnlyForDeploymentPostprocessing = 0;
		};
/* End PBXFrameworksBuildPhase section */

/* Begin PBXGroup section */
		91C8CE9F1E553CD600712A79 = {
			isa = PBXGroup;
			children = (
				91C8CEAA1E553CD700712A79 /* KolatzAssumption */,
				91C8CEA91E553CD700712A79 /* Products */,
			);
			sourceTree = "<group>";
		};
		91C8CEA91E553CD700712A79 /* Products */ = {
			isa = PBXGroup;
			children = (
				91C8CEA81E553CD700712A79 /* KolatzAssumption */,
			);
			name = Products;
			sourceTree = "<group>";
		};
		91C8CEAA1E553CD700712A79 /* KolatzAssumption */ = {
			isa = PBXGroup;
			children = (
				91C8CEAB1E553CD700712A79 /* main.m */,
				91C8CEB21E553D1A00712A79 /* KolatzAssumption.h */,
				91C8CEB31E553D1A00712A79 /* KolatzAssumption.m */,
			);
			path = KolatzAssumption;
			sourceTree = "<group>";
		};
/* End PBXGroup section */

/* Begin PBXNativeTarget section */
		91C8CEA71E553CD600712A79 /* KolatzAssumption */ = {
			isa = PBXNativeTarget;
			buildConfigurationList = 91C8CEAF1E553CD700712A79 /* Build configuration list for PBXNativeTarget "KolatzAssumption" */;
			buildPhases = (
				91C8CEA41E553CD600712A79 /* Sources */,
				91C8CEA51E553CD600712A79 /* Frameworks */,
				91C8CEA61E553CD600712A79 /* CopyFiles */,
			);
			buildRules = (
			);
			dependencies = (
			);
			name = KolatzAssumption;
			productName = KolatzAssumption;
			productReference = 91C8CEA81E553CD700712A79 /* KolatzAssumption */;
			productType = "com.apple.product-type.tool";
		};
/* End PBXNativeTarget section */

/* Begin PBXProject section */
		91C8CEA01E553CD600712A79 /* Project object */ = {
			isa = PBXProject;
			attributes = {
				LastUpgradeCheck = 0820;
				ORGANIZATIONNAME = Fastcampus;
				TargetAttributes = {
					91C8CEA71E553CD600712A79 = {
						CreatedOnToolsVersion = 8.2.1;
						DevelopmentTeam = PDF8XXXYH9;
						ProvisioningStyle = Automatic;
					};
				};
			};
			buildConfigurationList = 91C8CEA31E553CD600712A79 /* Build configuration list for PBXProject "KolatzAssumption" */;
			compatibilityVersion = "Xcode 3.2";
			developmentRegion = English;
			hasScannedForEncodings = 0;
			knownRegions = (
				en,
			);
			mainGroup = 91C8CE9F1E553CD600712A79;
			productRefGroup = 91C8CEA91E553CD700712A79 /* Products */;
			projectDirPath = "";
			projectRoot = "";
			targets = (
				91C8CEA71E553CD600712A79 /* KolatzAssumption */,
			);
		};
/* End PBXProject section */

/* Begin PBXSourcesBuildPhase section */
		91C8CEA41E553CD600712A79 /* Sources */ = {
			isa = PBXSourcesBuildPhase;
			buildActionMask = 2147483647;
			files = (
				91C8CEAC1E553CD700712A79 /* main.m in Sources */,
				91C8CEB41E553D1A00712A79 /* KolatzAssumption.m in Sources */,
			);
			runOnlyForDeploymentPostprocessing = 0;
		};
/* End PBXSourcesBuildPhase section */

/* Begin XCBuildConfiguration section */
		91C8CEAD1E553CD700712A79 /* Debug */ = {
			isa = XCBuildConfiguration;
			buildSettings = {
				ALWAYS_SEARCH_USER_PATHS = NO;
				CLANG_ANALYZER_NONNULL = YES;
				CLANG_CXX_LANGUAGE_STANDARD = "gnu++0x";
				CLANG_CXX_LIBRARY = "libc++";
				CLANG_ENABLE_MODULES = YES;
				CLANG_ENABLE_OBJC_ARC = YES;
				CLANG_WARN_BOOL_CONVERSION = YES;
				CLANG_WARN_CONSTANT_CONVERSION = YES;
				CLANG_WARN_DIRECT_OBJC_ISA_USAGE = YES_ERROR;
				CLANG_WARN_DOCUMENTATION_COMMENTS = YES;
				CLANG_WARN_EMPTY_BODY = YES;
				CLANG_WARN_ENUM_CONVERSION = YES;
				CLANG_WARN_INFINITE_RECURSION = YES;
				CLANG_WARN_INT_CONVERSION = YES;
				CLANG_WARN_OBJC_ROOT_CLASS = YES_ERROR;
				CLANG_WARN_SUSPICIOUS_MOVE = YES;
				CLANG_WARN_UNREACHABLE_CODE = YES;
				CLANG_WARN__DUPLICATE_METHOD_MATCH = YES;
				CODE_SIGN_IDENTITY = "-";
				COPY_PHASE_STRIP = NO;
				DEBUG_INFORMATION_FORMAT = dwarf;
				ENABLE_STRICT_OBJC_MSGSEND = YES;
				ENABLE_TESTABILITY = YES;
				GCC_C_LANGUAGE_STANDARD = gnu99;
				GCC_DYNAMIC_NO_PIC = NO;
				GCC_NO_COMMON_BLOCKS = YES;
				GCC_OPTIMIZATION_LEVEL = 0;
				GCC_PREPROCESSOR_DEFINITIONS = (
					"DEBUG=1",
					"$(inherited)",
				);
				GCC_WARN_64_TO_32_BIT_CONVERSION = YES;
				GCC_WARN_ABOUT_RETURN_TYPE = YES_ERROR;
				GCC_WARN_UNDECLARED_SELECTOR = YES;
				GCC_WARN_UNINITIALIZED_AUTOS = YES_AGGRESSIVE;
				GCC_WARN_UNUSED_FUNCTION = YES;
				GCC_WARN_UNUSED_VARIABLE = YES;
				MACOSX_DEPLOYMENT_TARGET = 10.12;
				MTL_ENABLE_DEBUG_INFO = YES;
				ONLY_ACTIVE_ARCH = YES;
				SDKROOT = macosx;
			};
			name = Debug;
		};
		91C8CEAE1E553CD700712A79 /* Release */ = {
			isa = XCBuildConfiguration;
			buildSettings = {
				ALWAYS_SEARCH_USER_PATHS = NO;
				CLANG_ANALYZER_NONNULL = YES;
				CLANG_CXX_LANGUAGE_STANDARD = "gnu++0x";
				CLANG_CXX_LIBRARY = "libc++";
				CLANG_ENABLE_MODULES = YES;
				CLANG_ENABLE_OBJC_ARC = YES;
				CLANG_WARN_BOOL_CONVERSION = YES;
				CLANG_WARN_CONSTANT_CONVERSION = YES;
				CLANG_WARN_DIRECT_OBJC_ISA_USAGE = YES_ERROR;
				CLANG_WARN_DOCUMENTATION_COMMENTS = YES;
				CLANG_WARN_EMPTY_BODY = YES;
				CLANG_WARN_ENUM_CONVERSION = YES;
				CLANG_WARN_INFINITE_RECURSION = YES;
				CLANG_WARN_INT_CONVERSION = YES;
				CLANG_WARN_OBJC_ROOT_CLASS = YES_ERROR;
				CLANG_WARN_SUSPICIOUS_MOVE = YES;
				CLANG_WARN_UNREACHABLE_CODE = YES;
				CLANG_WARN__DUPLICATE_METHOD_MATCH = YES;
				CODE_SIGN_IDENTITY = "-";
				COPY_PHASE_STRIP = NO;
				DEBUG_INFORMATION_FORMAT = "dwarf-with-dsym";
				ENABLE_NS_ASSERTIONS = NO;
				ENABLE_STRICT_OBJC_MSGSEND = YES;
				GCC_C_LANGUAGE_STANDARD = gnu99;
				GCC_NO_COMMON_BLOCKS = YES;
				GCC_WARN_64_TO_32_BIT_CONVERSION = YES;
				GCC_WARN_ABOUT_RETURN_TYPE = YES_ERROR;
				GCC_WARN_UNDECLARED_SELECTOR = YES;
				GCC_WARN_UNINITIALIZED_AUTOS = YES_AGGRESSIVE;
				GCC_WARN_UNUSED_FUNCTION = YES;
				GCC_WARN_UNUSED_VARIABLE = YES;
				MACOSX_DEPLOYMENT_TARGET = 10.12;
				MTL_ENABLE_DEBUG_INFO = NO;
				SDKROOT = macosx;
			};
			name = Release;
		};
		91C8CEB01E553CD700712A79 /* Debug */ = {
			isa = XCBuildConfiguration;
			buildSettings = {
				DEVELOPMENT_TEAM = PDF8XXXYH9;
				PRODUCT_NAME = "$(TARGET_NAME)";
			};
			name = Debug;
		};
		91C8CEB11E553CD700712A79 /* Release */ = {
			isa = XCBuildConfiguration;
			buildSettings = {
				DEVELOPMENT_TEAM = PDF8XXXYH9;
				PRODUCT_NAME = "$(TARGET_NAME)";
			};
			name = Release;
		};
/* End XCBuildConfiguration section */

/* Begin XCConfigurationList section */
		91C8CEA31E553CD600712A79 /* Build configuration list for PBXProject "KolatzAssumption" */ = {
			isa = XCConfigurationList;
			buildConfigurations = (
				91C8CEAD1E553CD700712A79 /* Debug */,
				91C8CEAE1E553CD700712A79 /* Release */,
			);
			defaultConfigurationIsVisible = 0;
			defaultConfigurationName = Release;
		};
		91C8CEAF1E553CD700712A79 /* Build configuration list for PBXNativeTarget "KolatzAssumption" */ = {
			isa = XCConfigurationList;
			buildConfigurations = (
				91C8CEB01E553CD700712A79 /* Debug */,
				91C8CEB11E553CD700712A79 /* Release */,
			);
			defaultConfigurationIsVisible = 0;
		};
/* End XCConfigurationList section */
	};
	rootObject = 91C8CEA01E553CD600712A79 /* Project object */;
}
