// !$*UTF8*$!
{
	archiveVersion = 1;
	classes = {
	};
	objectVersion = 46;
	objects = {

/* Begin PBXBuildFile section */
		9101A5401EF672E50063DEAF /* AppDelegate.swift in Sources */ = {isa = PBXBuildFile; fileRef = 9101A53F1EF672E50063DEAF /* AppDelegate.swift */; };
		9101A5421EF672E50063DEAF /* ViewController.swift in Sources */ = {isa = PBXBuildFile; fileRef = 9101A5411EF672E50063DEAF /* ViewController.swift */; };
		9101A5451EF672E50063DEAF /* Main.storyboard in Resources */ = {isa = PBXBuildFile; fileRef = 9101A5431EF672E50063DEAF /* Main.storyboard */; };
		9101A5471EF672E50063DEAF /* Assets.xcassets in Resources */ = {isa = PBXBuildFile; fileRef = 9101A5461EF672E50063DEAF /* Assets.xcassets */; };
		9101A54A1EF672E50063DEAF /* LaunchScreen.storyboard in Resources */ = {isa = PBXBuildFile; fileRef = 9101A5481EF672E50063DEAF /* LaunchScreen.storyboard */; };
/* End PBXBuildFile section */

/* Begin PBXFileReference section */
		9101A53C1EF672E50063DEAF /* function.app */ = {isa = PBXFileReference; explicitFileType = wrapper.application; includeInIndex = 0; path = function.app; sourceTree = BUILT_PRODUCTS_DIR; };
		9101A53F1EF672E50063DEAF /* AppDelegate.swift */ = {isa = PBXFileReference; lastKnownFileType = sourcecode.swift; path = AppDelegate.swift; sourceTree = "<group>"; };
		9101A5411EF672E50063DEAF /* ViewController.swift */ = {isa = PBXFileReference; lastKnownFileType = sourcecode.swift; path = ViewController.swift; sourceTree = "<group>"; };
		9101A5441EF672E50063DEAF /* Base */ = {isa = PBXFileReference; lastKnownFileType = file.storyboard; name = Base; path = Base.lproj/Main.storyboard; sourceTree = "<group>"; };
		9101A5461EF672E50063DEAF /* Assets.xcassets */ = {isa = PBXFileReference; lastKnownFileType = folder.assetcatalog; path = Assets.xcassets; sourceTree = "<group>"; };
		9101A5491EF672E50063DEAF /* Base */ = {isa = PBXFileReference; lastKnownFileType = file.storyboard; name = Base; path = Base.lproj/LaunchScreen.storyboard; sourceTree = "<group>"; };
		9101A54B1EF672E50063DEAF /* Info.plist */ = {isa = PBXFileReference; lastKnownFileType = text.plist.xml; path = Info.plist; sourceTree = "<group>"; };
/* End PBXFileReference section */

/* Begin PBXFrameworksBuildPhase section */
		9101A5391EF672E50063DEAF /* Frameworks */ = {
			isa = PBXFrameworksBuildPhase;
			buildActionMask = 2147483647;
			files = (
			);
			runOnlyForDeploymentPostprocessing = 0;
		};
/* End PBXFrameworksBuildPhase section */

/* Begin PBXGroup section */
		9101A5331EF672E50063DEAF = {
			isa = PBXGroup;
			children = (
				9101A53E1EF672E50063DEAF /* function */,
				9101A53D1EF672E50063DEAF /* Products */,
			);
			sourceTree = "<group>";
		};
		9101A53D1EF672E50063DEAF /* Products */ = {
			isa = PBXGroup;
			children = (
				9101A53C1EF672E50063DEAF /* function.app */,
			);
			name = Products;
			sourceTree = "<group>";
		};
		9101A53E1EF672E50063DEAF /* function */ = {
			isa = PBXGroup;
			children = (
				9101A53F1EF672E50063DEAF /* AppDelegate.swift */,
				9101A5411EF672E50063DEAF /* ViewController.swift */,
				9101A5431EF672E50063DEAF /* Main.storyboard */,
				9101A5461EF672E50063DEAF /* Assets.xcassets */,
				9101A5481EF672E50063DEAF /* LaunchScreen.storyboard */,
				9101A54B1EF672E50063DEAF /* Info.plist */,
			);
			path = function;
			sourceTree = "<group>";
		};
/* End PBXGroup section */

/* Begin PBXNativeTarget section */
		9101A53B1EF672E50063DEAF /* function */ = {
			isa = PBXNativeTarget;
			buildConfigurationList = 9101A54E1EF672E50063DEAF /* Build configuration list for PBXNativeTarget "function" */;
			buildPhases = (
				9101A5381EF672E50063DEAF /* Sources */,
				9101A5391EF672E50063DEAF /* Frameworks */,
				9101A53A1EF672E50063DEAF /* Resources */,
			);
			buildRules = (
			);
			dependencies = (
			);
			name = function;
			productName = function;
			productReference = 9101A53C1EF672E50063DEAF /* function.app */;
			productType = "com.apple.product-type.application";
		};
/* End PBXNativeTarget section */

/* Begin PBXProject section */
		9101A5341EF672E50063DEAF /* Project object */ = {
			isa = PBXProject;
			attributes = {
				LastSwiftUpdateCheck = 0830;
				LastUpgradeCheck = 0830;
				ORGANIZATIONNAME = Fastcampus;
				TargetAttributes = {
					9101A53B1EF672E50063DEAF = {
						CreatedOnToolsVersion = 8.3.3;
						DevelopmentTeam = PDF8XXXYH9;
						ProvisioningStyle = Automatic;
					};
				};
			};
			buildConfigurationList = 9101A5371EF672E50063DEAF /* Build configuration list for PBXProject "function" */;
			compatibilityVersion = "Xcode 3.2";
			developmentRegion = English;
			hasScannedForEncodings = 0;
			knownRegions = (
				en,
				Base,
			);
			mainGroup = 9101A5331EF672E50063DEAF;
			productRefGroup = 9101A53D1EF672E50063DEAF /* Products */;
			projectDirPath = "";
			projectRoot = "";
			targets = (
				9101A53B1EF672E50063DEAF /* function */,
			);
		};
/* End PBXProject section */

/* Begin PBXResourcesBuildPhase section */
		9101A53A1EF672E50063DEAF /* Resources */ = {
			isa = PBXResourcesBuildPhase;
			buildActionMask = 2147483647;
			files = (
				9101A54A1EF672E50063DEAF /* LaunchScreen.storyboard in Resources */,
				9101A5471EF672E50063DEAF /* Assets.xcassets in Resources */,
				9101A5451EF672E50063DEAF /* Main.storyboard in Resources */,
			);
			runOnlyForDeploymentPostprocessing = 0;
		};
/* End PBXResourcesBuildPhase section */

/* Begin PBXSourcesBuildPhase section */
		9101A5381EF672E50063DEAF /* Sources */ = {
			isa = PBXSourcesBuildPhase;
			buildActionMask = 2147483647;
			files = (
				9101A5421EF672E50063DEAF /* ViewController.swift in Sources */,
				9101A5401EF672E50063DEAF /* AppDelegate.swift in Sources */,
			);
			runOnlyForDeploymentPostprocessing = 0;
		};
/* End PBXSourcesBuildPhase section */

/* Begin PBXVariantGroup section */
		9101A5431EF672E50063DEAF /* Main.storyboard */ = {
			isa = PBXVariantGroup;
			children = (
				9101A5441EF672E50063DEAF /* Base */,
			);
			name = Main.storyboard;
			sourceTree = "<group>";
		};
		9101A5481EF672E50063DEAF /* LaunchScreen.storyboard */ = {
			isa = PBXVariantGroup;
			children = (
				9101A5491EF672E50063DEAF /* Base */,
			);
			name = LaunchScreen.storyboard;
			sourceTree = "<group>";
		};
/* End PBXVariantGroup section */

/* Begin XCBuildConfiguration section */
		9101A54C1EF672E50063DEAF /* Debug */ = {
			isa = XCBuildConfiguration;
			buildSettings = {
				ALWAYS_SEARCH_USER_PATHS = NO;
				CLANG_ANALYZER_NONNULL = YES;
				CLANG_ANALYZER_NUMBER_OBJECT_CONVERSION = YES_AGGRESSIVE;
				CLANG_CXX_LANGUAGE_STANDARD = "gnu++0x";
				CLANG_CXX_LIBRARY = "libc++";
				CLANG_ENABLE_MODULES = YES;
				CLANG_ENABLE_OBJC_ARC = YES;
				CLANG_WARN_BOOL_CONVERSION = YES;
				CLANG_WARN_CONSTANT_CONVERSION = YES;
				CLANG_WARN_DIRECT_OBJC_ISA_USAGE = YES_ERROR;
				CLANG_WARN_DOCUMENTATION_COMMENTS = YES;
				CLANG_WARN_EMPTY_BODY = YES;
				CLANG_WARN_ENUM_CONVERSION = YES;
				CLANG_WARN_INFINITE_RECURSION = YES;
				CLANG_WARN_INT_CONVERSION = YES;
				CLANG_WARN_OBJC_ROOT_CLASS = YES_ERROR;
				CLANG_WARN_SUSPICIOUS_MOVE = YES;
				CLANG_WARN_UNREACHABLE_CODE = YES;
				CLANG_WARN__DUPLICATE_METHOD_MATCH = YES;
				"CODE_SIGN_IDENTITY[sdk=iphoneos*]" = "iPhone Developer";
				COPY_PHASE_STRIP = NO;
				DEBUG_INFORMATION_FORMAT = dwarf;
				ENABLE_STRICT_OBJC_MSGSEND = YES;
				ENABLE_TESTABILITY = YES;
				GCC_C_LANGUAGE_STANDARD = gnu99;
				GCC_DYNAMIC_NO_PIC = NO;
				GCC_NO_COMMON_BLOCKS = YES;
				GCC_OPTIMIZATION_LEVEL = 0;
				GCC_PREPROCESSOR_DEFINITIONS = (
					"DEBUG=1",
					"$(inherited)",
				);
				GCC_WARN_64_TO_32_BIT_CONVERSION = YES;
				GCC_WARN_ABOUT_RETURN_TYPE = YES_ERROR;
				GCC_WARN_UNDECLARED_SELECTOR = YES;
				GCC_WARN_UNINITIALIZED_AUTOS = YES_AGGRESSIVE;
				GCC_WARN_UNUSED_FUNCTION = YES;
				GCC_WARN_UNUSED_VARIABLE = YES;
				IPHONEOS_DEPLOYMENT_TARGET = 10.3;
				MTL_ENABLE_DEBUG_INFO = YES;
				ONLY_ACTIVE_ARCH = YES;
				SDKROOT = iphoneos;
				SWIFT_ACTIVE_COMPILATION_CONDITIONS = DEBUG;
				SWIFT_OPTIMIZATION_LEVEL = "-Onone";
			};
			name = Debug;
		};
		9101A54D1EF672E50063DEAF /* Release */ = {
			isa = XCBuildConfiguration;
			buildSettings = {
				ALWAYS_SEARCH_USER_PATHS = NO;
				CLANG_ANALYZER_NONNULL = YES;
				CLANG_ANALYZER_NUMBER_OBJECT_CONVERSION = YES_AGGRESSIVE;
				CLANG_CXX_LANGUAGE_STANDARD = "gnu++0x";
				CLANG_CXX_LIBRARY = "libc++";
				CLANG_ENABLE_MODULES = YES;
				CLANG_ENABLE_OBJC_ARC = YES;
				CLANG_WARN_BOOL_CONVERSION = YES;
				CLANG_WARN_CONSTANT_CONVERSION = YES;
				CLANG_WARN_DIRECT_OBJC_ISA_USAGE = YES_ERROR;
				CLANG_WARN_DOCUMENTATION_COMMENTS = YES;
				CLANG_WARN_EMPTY_BODY = YES;
				CLANG_WARN_ENUM_CONVERSION = YES;
				CLANG_WARN_INFINITE_RECURSION = YES;
				CLANG_WARN_INT_CONVERSION = YES;
				CLANG_WARN_OBJC_ROOT_CLASS = YES_ERROR;
				CLANG_WARN_SUSPICIOUS_MOVE = YES;
				CLANG_WARN_UNREACHABLE_CODE = YES;
				CLANG_WARN__DUPLICATE_METHOD_MATCH = YES;
				"CODE_SIGN_IDENTITY[sdk=iphoneos*]" = "iPhone Developer";
				COPY_PHASE_STRIP = NO;
				DEBUG_INFORMATION_FORMAT = "dwarf-with-dsym";
				ENABLE_NS_ASSERTIONS = NO;
				ENABLE_STRICT_OBJC_MSGSEND = YES;
				GCC_C_LANGUAGE_STANDARD = gnu99;
				GCC_NO_COMMON_BLOCKS = YES;
				GCC_WARN_64_TO_32_BIT_CONVERSION = YES;
				GCC_WARN_ABOUT_RETURN_TYPE = YES_ERROR;
				GCC_WARN_UNDECLARED_SELECTOR = YES;
				GCC_WARN_UNINITIALIZED_AUTOS = YES_AGGRESSIVE;
				GCC_WARN_UNUSED_FUNCTION = YES;
				GCC_WARN_UNUSED_VARIABLE = YES;
				IPHONEOS_DEPLOYMENT_TARGET = 10.3;
				MTL_ENABLE_DEBUG_INFO = NO;
				SDKROOT = iphoneos;
				SWIFT_OPTIMIZATION_LEVEL = "-Owholemodule";
				VALIDATE_PRODUCT = YES;
			};
			name = Release;
		};
		9101A54F1EF672E50063DEAF /* Debug */ = {
			isa = XCBuildConfiguration;
			buildSettings = {
				ASSETCATALOG_COMPILER_APPICON_NAME = AppIcon;
				DEVELOPMENT_TEAM = PDF8XXXYH9;
				INFOPLIST_FILE = function/Info.plist;
				LD_RUNPATH_SEARCH_PATHS = "$(inherited) @executable_path/Frameworks";
				PRODUCT_BUNDLE_IDENTIFIER = com.junyoungjee.develop.function;
				PRODUCT_NAME = "$(TARGET_NAME)";
				SWIFT_VERSION = 3.0;
			};
			name = Debug;
		};
		9101A5501EF672E50063DEAF /* Release */ = {
			isa = XCBuildConfiguration;
			buildSettings = {
				ASSETCATALOG_COMPILER_APPICON_NAME = AppIcon;
				DEVELOPMENT_TEAM = PDF8XXXYH9;
				INFOPLIST_FILE = function/Info.plist;
				LD_RUNPATH_SEARCH_PATHS = "$(inherited) @executable_path/Frameworks";
				PRODUCT_BUNDLE_IDENTIFIER = com.junyoungjee.develop.function;
				PRODUCT_NAME = "$(TARGET_NAME)";
				SWIFT_VERSION = 3.0;
			};
			name = Release;
		};
/* End XCBuildConfiguration section */

/* Begin XCConfigurationList section */
		9101A5371EF672E50063DEAF /* Build configuration list for PBXProject "function" */ = {
			isa = XCConfigurationList;
			buildConfigurations = (
				9101A54C1EF672E50063DEAF /* Debug */,
				9101A54D1EF672E50063DEAF /* Release */,
			);
			defaultConfigurationIsVisible = 0;
			defaultConfigurationName = Release;
		};
		9101A54E1EF672E50063DEAF /* Build configuration list for PBXNativeTarget "function" */ = {
			isa = XCConfigurationList;
			buildConfigurations = (
				9101A54F1EF672E50063DEAF /* Debug */,
				9101A5501EF672E50063DEAF /* Release */,
			);
			defaultConfigurationIsVisible = 0;
		};
/* End XCConfigurationList section */
	};
	rootObject = 9101A5341EF672E50063DEAF /* Project object */;
}
