// !$*UTF8*$!
{
	archiveVersion = 1;
	classes = {
	};
	objectVersion = 46;
	objects = {

/* Begin PBXBuildFile section */
		EB49270D1F26598B008D89FA /* AppDelegate.swift in Sources */ = {isa = PBXBuildFile; fileRef = EB49270C1F26598B008D89FA /* AppDelegate.swift */; };
		EB49270F1F26598B008D89FA /* ViewController.swift in Sources */ = {isa = PBXBuildFile; fileRef = EB49270E1F26598B008D89FA /* ViewController.swift */; };
		EB4927121F26598B008D89FA /* Main.storyboard in Resources */ = {isa = PBXBuildFile; fileRef = EB4927101F26598B008D89FA /* Main.storyboard */; };
		EB4927141F26598B008D89FA /* Assets.xcassets in Resources */ = {isa = PBXBuildFile; fileRef = EB4927131F26598B008D89FA /* Assets.xcassets */; };
		EB4927171F26598B008D89FA /* LaunchScreen.storyboard in Resources */ = {isa = PBXBuildFile; fileRef = EB4927151F26598B008D89FA /* LaunchScreen.storyboard */; };
		EB4927221F26598B008D89FA /* swiftTestTests.swift in Sources */ = {isa = PBXBuildFile; fileRef = EB4927211F26598B008D89FA /* swiftTestTests.swift */; };
		EB49272D1F26598B008D89FA /* swiftTestUITests.swift in Sources */ = {isa = PBXBuildFile; fileRef = EB49272C1F26598B008D89FA /* swiftTestUITests.swift */; };
/* End PBXBuildFile section */

/* Begin PBXContainerItemProxy section */
		EB49271E1F26598B008D89FA /* PBXContainerItemProxy */ = {
			isa = PBXContainerItemProxy;
			containerPortal = EB4927011F26598B008D89FA /* Project object */;
			proxyType = 1;
			remoteGlobalIDString = EB4927081F26598B008D89FA;
			remoteInfo = swiftTest;
		};
		EB4927291F26598B008D89FA /* PBXContainerItemProxy */ = {
			isa = PBXContainerItemProxy;
			containerPortal = EB4927011F26598B008D89FA /* Project object */;
			proxyType = 1;
			remoteGlobalIDString = EB4927081F26598B008D89FA;
			remoteInfo = swiftTest;
		};
/* End PBXContainerItemProxy section */

/* Begin PBXFileReference section */
		EB4927091F26598B008D89FA /* swiftTest.app */ = {isa = PBXFileReference; explicitFileType = wrapper.application; includeInIndex = 0; path = swiftTest.app; sourceTree = BUILT_PRODUCTS_DIR; };
		EB49270C1F26598B008D89FA /* AppDelegate.swift */ = {isa = PBXFileReference; lastKnownFileType = sourcecode.swift; path = AppDelegate.swift; sourceTree = "<group>"; };
		EB49270E1F26598B008D89FA /* ViewController.swift */ = {isa = PBXFileReference; lastKnownFileType = sourcecode.swift; path = ViewController.swift; sourceTree = "<group>"; };
		EB4927111F26598B008D89FA /* Base */ = {isa = PBXFileReference; lastKnownFileType = file.storyboard; name = Base; path = Base.lproj/Main.storyboard; sourceTree = "<group>"; };
		EB4927131F26598B008D89FA /* Assets.xcassets */ = {isa = PBXFileReference; lastKnownFileType = folder.assetcatalog; path = Assets.xcassets; sourceTree = "<group>"; };
		EB4927161F26598B008D89FA /* Base */ = {isa = PBXFileReference; lastKnownFileType = file.storyboard; name = Base; path = Base.lproj/LaunchScreen.storyboard; sourceTree = "<group>"; };
		EB4927181F26598B008D89FA /* Info.plist */ = {isa = PBXFileReference; lastKnownFileType = text.plist.xml; path = Info.plist; sourceTree = "<group>"; };
		EB49271D1F26598B008D89FA /* swiftTestTests.xctest */ = {isa = PBXFileReference; explicitFileType = wrapper.cfbundle; includeInIndex = 0; path = swiftTestTests.xctest; sourceTree = BUILT_PRODUCTS_DIR; };
		EB4927211F26598B008D89FA /* swiftTestTests.swift */ = {isa = PBXFileReference; lastKnownFileType = sourcecode.swift; path = swiftTestTests.swift; sourceTree = "<group>"; };
		EB4927231F26598B008D89FA /* Info.plist */ = {isa = PBXFileReference; lastKnownFileType = text.plist.xml; path = Info.plist; sourceTree = "<group>"; };
		EB4927281F26598B008D89FA /* swiftTestUITests.xctest */ = {isa = PBXFileReference; explicitFileType = wrapper.cfbundle; includeInIndex = 0; path = swiftTestUITests.xctest; sourceTree = BUILT_PRODUCTS_DIR; };
		EB49272C1F26598B008D89FA /* swiftTestUITests.swift */ = {isa = PBXFileReference; lastKnownFileType = sourcecode.swift; path = swiftTestUITests.swift; sourceTree = "<group>"; };
		EB49272E1F26598B008D89FA /* Info.plist */ = {isa = PBXFileReference; lastKnownFileType = text.plist.xml; path = Info.plist; sourceTree = "<group>"; };
/* End PBXFileReference section */

/* Begin PBXFrameworksBuildPhase section */
		EB4927061F26598B008D89FA /* Frameworks */ = {
			isa = PBXFrameworksBuildPhase;
			buildActionMask = 2147483647;
			files = (
			);
			runOnlyForDeploymentPostprocessing = 0;
		};
		EB49271A1F26598B008D89FA /* Frameworks */ = {
			isa = PBXFrameworksBuildPhase;
			buildActionMask = 2147483647;
			files = (
			);
			runOnlyForDeploymentPostprocessing = 0;
		};
		EB4927251F26598B008D89FA /* Frameworks */ = {
			isa = PBXFrameworksBuildPhase;
			buildActionMask = 2147483647;
			files = (
			);
			runOnlyForDeploymentPostprocessing = 0;
		};
/* End PBXFrameworksBuildPhase section */

/* Begin PBXGroup section */
		EB4927001F26598B008D89FA = {
			isa = PBXGroup;
			children = (
				EB49270B1F26598B008D89FA /* swiftTest */,
				EB4927201F26598B008D89FA /* swiftTestTests */,
				EB49272B1F26598B008D89FA /* swiftTestUITests */,
				EB49270A1F26598B008D89FA /* Products */,
			);
			sourceTree = "<group>";
		};
		EB49270A1F26598B008D89FA /* Products */ = {
			isa = PBXGroup;
			children = (
				EB4927091F26598B008D89FA /* swiftTest.app */,
				EB49271D1F26598B008D89FA /* swiftTestTests.xctest */,
				EB4927281F26598B008D89FA /* swiftTestUITests.xctest */,
			);
			name = Products;
			sourceTree = "<group>";
		};
		EB49270B1F26598B008D89FA /* swiftTest */ = {
			isa = PBXGroup;
			children = (
				EB49270C1F26598B008D89FA /* AppDelegate.swift */,
				EB49270E1F26598B008D89FA /* ViewController.swift */,
				EB4927101F26598B008D89FA /* Main.storyboard */,
				EB4927131F26598B008D89FA /* Assets.xcassets */,
				EB4927151F26598B008D89FA /* LaunchScreen.storyboard */,
				EB4927181F26598B008D89FA /* Info.plist */,
			);
			path = swiftTest;
			sourceTree = "<group>";
		};
		EB4927201F26598B008D89FA /* swiftTestTests */ = {
			isa = PBXGroup;
			children = (
				EB4927211F26598B008D89FA /* swiftTestTests.swift */,
				EB4927231F26598B008D89FA /* Info.plist */,
			);
			path = swiftTestTests;
			sourceTree = "<group>";
		};
		EB49272B1F26598B008D89FA /* swiftTestUITests */ = {
			isa = PBXGroup;
			children = (
				EB49272C1F26598B008D89FA /* swiftTestUITests.swift */,
				EB49272E1F26598B008D89FA /* Info.plist */,
			);
			path = swiftTestUITests;
			sourceTree = "<group>";
		};
/* End PBXGroup section */

/* Begin PBXNativeTarget section */
		EB4927081F26598B008D89FA /* swiftTest */ = {
			isa = PBXNativeTarget;
			buildConfigurationList = EB4927311F26598B008D89FA /* Build configuration list for PBXNativeTarget "swiftTest" */;
			buildPhases = (
				EB4927051F26598B008D89FA /* Sources */,
				EB4927061F26598B008D89FA /* Frameworks */,
				EB4927071F26598B008D89FA /* Resources */,
			);
			buildRules = (
			);
			dependencies = (
			);
			name = swiftTest;
			productName = swiftTest;
			productReference = EB4927091F26598B008D89FA /* swiftTest.app */;
			productType = "com.apple.product-type.application";
		};
		EB49271C1F26598B008D89FA /* swiftTestTests */ = {
			isa = PBXNativeTarget;
			buildConfigurationList = EB4927341F26598B008D89FA /* Build configuration list for PBXNativeTarget "swiftTestTests" */;
			buildPhases = (
				EB4927191F26598B008D89FA /* Sources */,
				EB49271A1F26598B008D89FA /* Frameworks */,
				EB49271B1F26598B008D89FA /* Resources */,
			);
			buildRules = (
			);
			dependencies = (
				EB49271F1F26598B008D89FA /* PBXTargetDependency */,
			);
			name = swiftTestTests;
			productName = swiftTestTests;
			productReference = EB49271D1F26598B008D89FA /* swiftTestTests.xctest */;
			productType = "com.apple.product-type.bundle.unit-test";
		};
		EB4927271F26598B008D89FA /* swiftTestUITests */ = {
			isa = PBXNativeTarget;
			buildConfigurationList = EB4927371F26598B008D89FA /* Build configuration list for PBXNativeTarget "swiftTestUITests" */;
			buildPhases = (
				EB4927241F26598B008D89FA /* Sources */,
				EB4927251F26598B008D89FA /* Frameworks */,
				EB4927261F26598B008D89FA /* Resources */,
			);
			buildRules = (
			);
			dependencies = (
				EB49272A1F26598B008D89FA /* PBXTargetDependency */,
			);
			name = swiftTestUITests;
			productName = swiftTestUITests;
			productReference = EB4927281F26598B008D89FA /* swiftTestUITests.xctest */;
			productType = "com.apple.product-type.bundle.ui-testing";
		};
/* End PBXNativeTarget section */

/* Begin PBXProject section */
		EB4927011F26598B008D89FA /* Project object */ = {
			isa = PBXProject;
			attributes = {
				LastSwiftUpdateCheck = 0830;
				LastUpgradeCheck = 0830;
				ORGANIZATIONNAME = Gelb2;
				TargetAttributes = {
					EB4927081F26598B008D89FA = {
						CreatedOnToolsVersion = 8.3.3;
						DevelopmentTeam = PDF8XXXYH9;
						ProvisioningStyle = Automatic;
					};
					EB49271C1F26598B008D89FA = {
						CreatedOnToolsVersion = 8.3.3;
						DevelopmentTeam = PDF8XXXYH9;
						ProvisioningStyle = Automatic;
						TestTargetID = EB4927081F26598B008D89FA;
					};
					EB4927271F26598B008D89FA = {
						CreatedOnToolsVersion = 8.3.3;
						DevelopmentTeam = PDF8XXXYH9;
						ProvisioningStyle = Automatic;
						TestTargetID = EB4927081F26598B008D89FA;
					};
				};
			};
			buildConfigurationList = EB4927041F26598B008D89FA /* Build configuration list for PBXProject "swiftTest" */;
			compatibilityVersion = "Xcode 3.2";
			developmentRegion = English;
			hasScannedForEncodings = 0;
			knownRegions = (
				en,
				Base,
			);
			mainGroup = EB4927001F26598B008D89FA;
			productRefGroup = EB49270A1F26598B008D89FA /* Products */;
			projectDirPath = "";
			projectRoot = "";
			targets = (
				EB4927081F26598B008D89FA /* swiftTest */,
				EB49271C1F26598B008D89FA /* swiftTestTests */,
				EB4927271F26598B008D89FA /* swiftTestUITests */,
			);
		};
/* End PBXProject section */

/* Begin PBXResourcesBuildPhase section */
		EB4927071F26598B008D89FA /* Resources */ = {
			isa = PBXResourcesBuildPhase;
			buildActionMask = 2147483647;
			files = (
				EB4927171F26598B008D89FA /* LaunchScreen.storyboard in Resources */,
				EB4927141F26598B008D89FA /* Assets.xcassets in Resources */,
				EB4927121F26598B008D89FA /* Main.storyboard in Resources */,
			);
			runOnlyForDeploymentPostprocessing = 0;
		};
		EB49271B1F26598B008D89FA /* Resources */ = {
			isa = PBXResourcesBuildPhase;
			buildActionMask = 2147483647;
			files = (
			);
			runOnlyForDeploymentPostprocessing = 0;
		};
		EB4927261F26598B008D89FA /* Resources */ = {
			isa = PBXResourcesBuildPhase;
			buildActionMask = 2147483647;
			files = (
			);
			runOnlyForDeploymentPostprocessing = 0;
		};
/* End PBXResourcesBuildPhase section */

/* Begin PBXSourcesBuildPhase section */
		EB4927051F26598B008D89FA /* Sources */ = {
			isa = PBXSourcesBuildPhase;
			buildActionMask = 2147483647;
			files = (
				EB49270F1F26598B008D89FA /* ViewController.swift in Sources */,
				EB49270D1F26598B008D89FA /* AppDelegate.swift in Sources */,
			);
			runOnlyForDeploymentPostprocessing = 0;
		};
		EB4927191F26598B008D89FA /* Sources */ = {
			isa = PBXSourcesBuildPhase;
			buildActionMask = 2147483647;
			files = (
				EB4927221F26598B008D89FA /* swiftTestTests.swift in Sources */,
			);
			runOnlyForDeploymentPostprocessing = 0;
		};
		EB4927241F26598B008D89FA /* Sources */ = {
			isa = PBXSourcesBuildPhase;
			buildActionMask = 2147483647;
			files = (
				EB49272D1F26598B008D89FA /* swiftTestUITests.swift in Sources */,
			);
			runOnlyForDeploymentPostprocessing = 0;
		};
/* End PBXSourcesBuildPhase section */

/* Begin PBXTargetDependency section */
		EB49271F1F26598B008D89FA /* PBXTargetDependency */ = {
			isa = PBXTargetDependency;
			target = EB4927081F26598B008D89FA /* swiftTest */;
			targetProxy = EB49271E1F26598B008D89FA /* PBXContainerItemProxy */;
		};
		EB49272A1F26598B008D89FA /* PBXTargetDependency */ = {
			isa = PBXTargetDependency;
			target = EB4927081F26598B008D89FA /* swiftTest */;
			targetProxy = EB4927291F26598B008D89FA /* PBXContainerItemProxy */;
		};
/* End PBXTargetDependency section */

/* Begin PBXVariantGroup section */
		EB4927101F26598B008D89FA /* Main.storyboard */ = {
			isa = PBXVariantGroup;
			children = (
				EB4927111F26598B008D89FA /* Base */,
			);
			name = Main.storyboard;
			sourceTree = "<group>";
		};
		EB4927151F26598B008D89FA /* LaunchScreen.storyboard */ = {
			isa = PBXVariantGroup;
			children = (
				EB4927161F26598B008D89FA /* Base */,
			);
			name = LaunchScreen.storyboard;
			sourceTree = "<group>";
		};
/* End PBXVariantGroup section */

/* Begin XCBuildConfiguration section */
		EB49272F1F26598B008D89FA /* Debug */ = {
			isa = XCBuildConfiguration;
			buildSettings = {
				ALWAYS_SEARCH_USER_PATHS = NO;
				CLANG_ANALYZER_NONNULL = YES;
				CLANG_ANALYZER_NUMBER_OBJECT_CONVERSION = YES_AGGRESSIVE;
				CLANG_CXX_LANGUAGE_STANDARD = "gnu++0x";
				CLANG_CXX_LIBRARY = "libc++";
				CLANG_ENABLE_MODULES = YES;
				CLANG_ENABLE_OBJC_ARC = YES;
				CLANG_WARN_BOOL_CONVERSION = YES;
				CLANG_WARN_CONSTANT_CONVERSION = YES;
				CLANG_WARN_DIRECT_OBJC_ISA_USAGE = YES_ERROR;
				CLANG_WARN_DOCUMENTATION_COMMENTS = YES;
				CLANG_WARN_EMPTY_BODY = YES;
				CLANG_WARN_ENUM_CONVERSION = YES;
				CLANG_WARN_INFINITE_RECURSION = YES;
				CLANG_WARN_INT_CONVERSION = YES;
				CLANG_WARN_OBJC_ROOT_CLASS = YES_ERROR;
				CLANG_WARN_SUSPICIOUS_MOVE = YES;
				CLANG_WARN_UNREACHABLE_CODE = YES;
				CLANG_WARN__DUPLICATE_METHOD_MATCH = YES;
				"CODE_SIGN_IDENTITY[sdk=iphoneos*]" = "iPhone Developer";
				COPY_PHASE_STRIP = NO;
				DEBUG_INFORMATION_FORMAT = dwarf;
				ENABLE_STRICT_OBJC_MSGSEND = YES;
				ENABLE_TESTABILITY = YES;
				GCC_C_LANGUAGE_STANDARD = gnu99;
				GCC_DYNAMIC_NO_PIC = NO;
				GCC_NO_COMMON_BLOCKS = YES;
				GCC_OPTIMIZATION_LEVEL = 0;
				GCC_PREPROCESSOR_DEFINITIONS = (
					"DEBUG=1",
					"$(inherited)",
				);
				GCC_WARN_64_TO_32_BIT_CONVERSION = YES;
				GCC_WARN_ABOUT_RETURN_TYPE = YES_ERROR;
				GCC_WARN_UNDECLARED_SELECTOR = YES;
				GCC_WARN_UNINITIALIZED_AUTOS = YES_AGGRESSIVE;
				GCC_WARN_UNUSED_FUNCTION = YES;
				GCC_WARN_UNUSED_VARIABLE = YES;
				IPHONEOS_DEPLOYMENT_TARGET = 10.3;
				MTL_ENABLE_DEBUG_INFO = YES;
				ONLY_ACTIVE_ARCH = YES;
				SDKROOT = iphoneos;
				SWIFT_ACTIVE_COMPILATION_CONDITIONS = DEBUG;
				SWIFT_OPTIMIZATION_LEVEL = "-Onone";
				TARGETED_DEVICE_FAMILY = "1,2";
			};
			name = Debug;
		};
		EB4927301F26598B008D89FA /* Release */ = {
			isa = XCBuildConfiguration;
			buildSettings = {
				ALWAYS_SEARCH_USER_PATHS = NO;
				CLANG_ANALYZER_NONNULL = YES;
				CLANG_ANALYZER_NUMBER_OBJECT_CONVERSION = YES_AGGRESSIVE;
				CLANG_CXX_LANGUAGE_STANDARD = "gnu++0x";
				CLANG_CXX_LIBRARY = "libc++";
				CLANG_ENABLE_MODULES = YES;
				CLANG_ENABLE_OBJC_ARC = YES;
				CLANG_WARN_BOOL_CONVERSION = YES;
				CLANG_WARN_CONSTANT_CONVERSION = YES;
				CLANG_WARN_DIRECT_OBJC_ISA_USAGE = YES_ERROR;
				CLANG_WARN_DOCUMENTATION_COMMENTS = YES;
				CLANG_WARN_EMPTY_BODY = YES;
				CLANG_WARN_ENUM_CONVERSION = YES;
				CLANG_WARN_INFINITE_RECURSION = YES;
				CLANG_WARN_INT_CONVERSION = YES;
				CLANG_WARN_OBJC_ROOT_CLASS = YES_ERROR;
				CLANG_WARN_SUSPICIOUS_MOVE = YES;
				CLANG_WARN_UNREACHABLE_CODE = YES;
				CLANG_WARN__DUPLICATE_METHOD_MATCH = YES;
				"CODE_SIGN_IDENTITY[sdk=iphoneos*]" = "iPhone Developer";
				COPY_PHASE_STRIP = NO;
				DEBUG_INFORMATION_FORMAT = "dwarf-with-dsym";
				ENABLE_NS_ASSERTIONS = NO;
				ENABLE_STRICT_OBJC_MSGSEND = YES;
				GCC_C_LANGUAGE_STANDARD = gnu99;
				GCC_NO_COMMON_BLOCKS = YES;
				GCC_WARN_64_TO_32_BIT_CONVERSION = YES;
				GCC_WARN_ABOUT_RETURN_TYPE = YES_ERROR;
				GCC_WARN_UNDECLARED_SELECTOR = YES;
				GCC_WARN_UNINITIALIZED_AUTOS = YES_AGGRESSIVE;
				GCC_WARN_UNUSED_FUNCTION = YES;
				GCC_WARN_UNUSED_VARIABLE = YES;
				IPHONEOS_DEPLOYMENT_TARGET = 10.3;
				MTL_ENABLE_DEBUG_INFO = NO;
				SDKROOT = iphoneos;
				SWIFT_OPTIMIZATION_LEVEL = "-Owholemodule";
				TARGETED_DEVICE_FAMILY = "1,2";
				VALIDATE_PRODUCT = YES;
			};
			name = Release;
		};
		EB4927321F26598B008D89FA /* Debug */ = {
			isa = XCBuildConfiguration;
			buildSettings = {
				ASSETCATALOG_COMPILER_APPICON_NAME = AppIcon;
				DEVELOPMENT_TEAM = PDF8XXXYH9;
				INFOPLIST_FILE = swiftTest/Info.plist;
				LD_RUNPATH_SEARCH_PATHS = "$(inherited) @executable_path/Frameworks";
				PRODUCT_BUNDLE_IDENTIFIER = com.gelb2.swiftTest;
				PRODUCT_NAME = "$(TARGET_NAME)";
				SWIFT_VERSION = 3.0;
			};
			name = Debug;
		};
		EB4927331F26598B008D89FA /* Release */ = {
			isa = XCBuildConfiguration;
			buildSettings = {
				ASSETCATALOG_COMPILER_APPICON_NAME = AppIcon;
				DEVELOPMENT_TEAM = PDF8XXXYH9;
				INFOPLIST_FILE = swiftTest/Info.plist;
				LD_RUNPATH_SEARCH_PATHS = "$(inherited) @executable_path/Frameworks";
				PRODUCT_BUNDLE_IDENTIFIER = com.gelb2.swiftTest;
				PRODUCT_NAME = "$(TARGET_NAME)";
				SWIFT_VERSION = 3.0;
			};
			name = Release;
		};
		EB4927351F26598B008D89FA /* Debug */ = {
			isa = XCBuildConfiguration;
			buildSettings = {
				ALWAYS_EMBED_SWIFT_STANDARD_LIBRARIES = YES;
				BUNDLE_LOADER = "$(TEST_HOST)";
				DEVELOPMENT_TEAM = PDF8XXXYH9;
				INFOPLIST_FILE = swiftTestTests/Info.plist;
				LD_RUNPATH_SEARCH_PATHS = "$(inherited) @executable_path/Frameworks @loader_path/Frameworks";
				PRODUCT_BUNDLE_IDENTIFIER = com.gelb2.swiftTestTests;
				PRODUCT_NAME = "$(TARGET_NAME)";
				SWIFT_VERSION = 3.0;
				TEST_HOST = "$(BUILT_PRODUCTS_DIR)/swiftTest.app/swiftTest";
			};
			name = Debug;
		};
		EB4927361F26598B008D89FA /* Release */ = {
			isa = XCBuildConfiguration;
			buildSettings = {
				ALWAYS_EMBED_SWIFT_STANDARD_LIBRARIES = YES;
				BUNDLE_LOADER = "$(TEST_HOST)";
				DEVELOPMENT_TEAM = PDF8XXXYH9;
				INFOPLIST_FILE = swiftTestTests/Info.plist;
				LD_RUNPATH_SEARCH_PATHS = "$(inherited) @executable_path/Frameworks @loader_path/Frameworks";
				PRODUCT_BUNDLE_IDENTIFIER = com.gelb2.swiftTestTests;
				PRODUCT_NAME = "$(TARGET_NAME)";
				SWIFT_VERSION = 3.0;
				TEST_HOST = "$(BUILT_PRODUCTS_DIR)/swiftTest.app/swiftTest";
			};
			name = Release;
		};
		EB4927381F26598B008D89FA /* Debug */ = {
			isa = XCBuildConfiguration;
			buildSettings = {
				ALWAYS_EMBED_SWIFT_STANDARD_LIBRARIES = YES;
				DEVELOPMENT_TEAM = PDF8XXXYH9;
				INFOPLIST_FILE = swiftTestUITests/Info.plist;
				LD_RUNPATH_SEARCH_PATHS = "$(inherited) @executable_path/Frameworks @loader_path/Frameworks";
				PRODUCT_BUNDLE_IDENTIFIER = com.gelb2.swiftTestUITests;
				PRODUCT_NAME = "$(TARGET_NAME)";
				SWIFT_VERSION = 3.0;
				TEST_TARGET_NAME = swiftTest;
			};
			name = Debug;
		};
		EB4927391F26598B008D89FA /* Release */ = {
			isa = XCBuildConfiguration;
			buildSettings = {
				ALWAYS_EMBED_SWIFT_STANDARD_LIBRARIES = YES;
				DEVELOPMENT_TEAM = PDF8XXXYH9;
				INFOPLIST_FILE = swiftTestUITests/Info.plist;
				LD_RUNPATH_SEARCH_PATHS = "$(inherited) @executable_path/Frameworks @loader_path/Frameworks";
				PRODUCT_BUNDLE_IDENTIFIER = com.gelb2.swiftTestUITests;
				PRODUCT_NAME = "$(TARGET_NAME)";
				SWIFT_VERSION = 3.0;
				TEST_TARGET_NAME = swiftTest;
			};
			name = Release;
		};
/* End XCBuildConfiguration section */

/* Begin XCConfigurationList section */
		EB4927041F26598B008D89FA /* Build configuration list for PBXProject "swiftTest" */ = {
			isa = XCConfigurationList;
			buildConfigurations = (
				EB49272F1F26598B008D89FA /* Debug */,
				EB4927301F26598B008D89FA /* Release */,
			);
			defaultConfigurationIsVisible = 0;
			defaultConfigurationName = Release;
		};
		EB4927311F26598B008D89FA /* Build configuration list for PBXNativeTarget "swiftTest" */ = {
			isa = XCConfigurationList;
			buildConfigurations = (
				EB4927321F26598B008D89FA /* Debug */,
				EB4927331F26598B008D89FA /* Release */,
			);
			defaultConfigurationIsVisible = 0;
		};
		EB4927341F26598B008D89FA /* Build configuration list for PBXNativeTarget "swiftTestTests" */ = {
			isa = XCConfigurationList;
			buildConfigurations = (
				EB4927351F26598B008D89FA /* Debug */,
				EB4927361F26598B008D89FA /* Release */,
			);
			defaultConfigurationIsVisible = 0;
		};
		EB4927371F26598B008D89FA /* Build configuration list for PBXNativeTarget "swiftTestUITests" */ = {
			isa = XCConfigurationList;
			buildConfigurations = (
				EB4927381F26598B008D89FA /* Debug */,
				EB4927391F26598B008D89FA /* Release */,
			);
			defaultConfigurationIsVisible = 0;
		};
/* End XCConfigurationList section */
	};
	rootObject = EB4927011F26598B008D89FA /* Project object */;
}
